// !$*UTF8*$!
{
	archiveVersion = 1;
	classes = {
	};
	objectVersion = 46;
	objects = {

/* Begin PBXBuildFile section */
		9ECA5B95258317E988A701FE /* Pods_HelloWorld_ObjC.framework in Frameworks */ = {isa = PBXBuildFile; fileRef = 531F719F2331A3229DDE156F /* Pods_HelloWorld_ObjC.framework */; };
		AD60BA521C03A6F200118EED /* HelloWorldViewController.m in Sources */ = {isa = PBXBuildFile; fileRef = AD60BA511C03A6F200118EED /* HelloWorldViewController.m */; };
		AD60BA551C03A72200118EED /* HelloWorldViewController.html in Resources */ = {isa = PBXBuildFile; fileRef = AD60BA541C03A72200118EED /* HelloWorldViewController.html */; };
		ADD931EE1C6A0DD6005B98FD /* MultipartViewController.m in Sources */ = {isa = PBXBuildFile; fileRef = ADD931ED1C6A0DD6005B98FD /* MultipartViewController.m */; };
		ADD931F11C6A0DEE005B98FD /* MultipartViewController.html in Resources */ = {isa = PBXBuildFile; fileRef = ADD931F01C6A0DEE005B98FD /* MultipartViewController.html */; };
		ADE3DDA91BFE003900844DC9 /* AppDelegate.m in Sources */ = {isa = PBXBuildFile; fileRef = ADE3DDA81BFE003900844DC9 /* AppDelegate.m */; };
		ADE3DDAC1BFE003900844DC9 /* main.m in Sources */ = {isa = PBXBuildFile; fileRef = ADE3DDAB1BFE003900844DC9 /* main.m */; };
		ADE3DDCB1BFE055100844DC9 /* utils.m in Sources */ = {isa = PBXBuildFile; fileRef = ADE3DDCA1BFE055100844DC9 /* utils.m */; };
		ADE99FC01C6B83500080B1FA /* style.css in Copy Public Resources */ = {isa = PBXBuildFile; fileRef = ADE99FBB1C6B82850080B1FA /* style.css */; };
/* End PBXBuildFile section */

/* Begin PBXCopyFilesBuildPhase section */
		ADE3DDC51BFE00EB00844DC9 /* Embed Frameworks */ = {
			isa = PBXCopyFilesBuildPhase;
			buildActionMask = 2147483647;
			dstPath = "";
			dstSubfolderSpec = 10;
			files = (
			);
			name = "Embed Frameworks";
			runOnlyForDeploymentPostprocessing = 0;
		};
		ADE99FBE1C6B82B60080B1FA /* Copy Public Resources */ = {
			isa = PBXCopyFilesBuildPhase;
			buildActionMask = 2147483647;
			dstPath = Public;
			dstSubfolderSpec = 7;
			files = (
				ADE99FC01C6B83500080B1FA /* style.css in Copy Public Resources */,
			);
			name = "Copy Public Resources";
			runOnlyForDeploymentPostprocessing = 0;
		};
/* End PBXCopyFilesBuildPhase section */

/* Begin PBXFileReference section */
		531F719F2331A3229DDE156F /* Pods_HelloWorld_ObjC.framework */ = {isa = PBXFileReference; explicitFileType = wrapper.framework; includeInIndex = 0; path = Pods_HelloWorld_ObjC.framework; sourceTree = BUILT_PRODUCTS_DIR; };
		573BCA773F4A1418D96AE094 /* Pods-HelloWorld-ObjC.release.xcconfig */ = {isa = PBXFileReference; includeInIndex = 1; lastKnownFileType = text.xcconfig; name = "Pods-HelloWorld-ObjC.release.xcconfig"; path = "Pods/Target Support Files/Pods-HelloWorld-ObjC/Pods-HelloWorld-ObjC.release.xcconfig"; sourceTree = "<group>"; };
		A24EF449AA6AA45E93FA77B1 /* Pods-HelloWorld-ObjC.debug.xcconfig */ = {isa = PBXFileReference; includeInIndex = 1; lastKnownFileType = text.xcconfig; name = "Pods-HelloWorld-ObjC.debug.xcconfig"; path = "Pods/Target Support Files/Pods-HelloWorld-ObjC/Pods-HelloWorld-ObjC.debug.xcconfig"; sourceTree = "<group>"; };
		AD60BA501C03A6F200118EED /* HelloWorldViewController.h */ = {isa = PBXFileReference; fileEncoding = 4; lastKnownFileType = sourcecode.c.h; path = HelloWorldViewController.h; sourceTree = "<group>"; };
		AD60BA511C03A6F200118EED /* HelloWorldViewController.m */ = {isa = PBXFileReference; fileEncoding = 4; lastKnownFileType = sourcecode.c.objc; path = HelloWorldViewController.m; sourceTree = "<group>"; };
		AD60BA541C03A72200118EED /* HelloWorldViewController.html */ = {isa = PBXFileReference; fileEncoding = 4; lastKnownFileType = text.html; path = HelloWorldViewController.html; sourceTree = "<group>"; };
		ADD931EC1C6A0DD6005B98FD /* MultipartViewController.h */ = {isa = PBXFileReference; fileEncoding = 4; lastKnownFileType = sourcecode.c.h; path = MultipartViewController.h; sourceTree = "<group>"; };
		ADD931ED1C6A0DD6005B98FD /* MultipartViewController.m */ = {isa = PBXFileReference; fileEncoding = 4; lastKnownFileType = sourcecode.c.objc; path = MultipartViewController.m; sourceTree = "<group>"; };
		ADD931F01C6A0DEE005B98FD /* MultipartViewController.html */ = {isa = PBXFileReference; fileEncoding = 4; lastKnownFileType = text.html; path = MultipartViewController.html; sourceTree = "<group>"; };
		ADE3DDA41BFE003900844DC9 /* HelloWorld-ObjC.app */ = {isa = PBXFileReference; explicitFileType = wrapper.application; includeInIndex = 0; path = "HelloWorld-ObjC.app"; sourceTree = BUILT_PRODUCTS_DIR; };
		ADE3DDA71BFE003900844DC9 /* AppDelegate.h */ = {isa = PBXFileReference; lastKnownFileType = sourcecode.c.h; path = AppDelegate.h; sourceTree = "<group>"; };
		ADE3DDA81BFE003900844DC9 /* AppDelegate.m */ = {isa = PBXFileReference; lastKnownFileType = sourcecode.c.objc; path = AppDelegate.m; sourceTree = "<group>"; };
		ADE3DDAB1BFE003900844DC9 /* main.m */ = {isa = PBXFileReference; lastKnownFileType = sourcecode.c.objc; path = main.m; sourceTree = "<group>"; };
		ADE3DDB21BFE003900844DC9 /* Info.plist */ = {isa = PBXFileReference; lastKnownFileType = text.plist.xml; path = Info.plist; sourceTree = "<group>"; };
		ADE3DDC91BFE055100844DC9 /* utils.h */ = {isa = PBXFileReference; fileEncoding = 4; lastKnownFileType = sourcecode.c.h; path = utils.h; sourceTree = "<group>"; };
		ADE3DDCA1BFE055100844DC9 /* utils.m */ = {isa = PBXFileReference; fileEncoding = 4; lastKnownFileType = sourcecode.c.objc; path = utils.m; sourceTree = "<group>"; };
		ADE99FBB1C6B82850080B1FA /* style.css */ = {isa = PBXFileReference; fileEncoding = 4; lastKnownFileType = text.css; path = style.css; sourceTree = "<group>"; };
/* End PBXFileReference section */

/* Begin PBXFrameworksBuildPhase section */
		ADE3DDA11BFE003900844DC9 /* Frameworks */ = {
			isa = PBXFrameworksBuildPhase;
			buildActionMask = 2147483647;
			files = (
				9ECA5B95258317E988A701FE /* Pods_HelloWorld_ObjC.framework in Frameworks */,
			);
			runOnlyForDeploymentPostprocessing = 0;
		};
/* End PBXFrameworksBuildPhase section */

/* Begin PBXGroup section */
		7853FC6B76DB3DA54F4F06E7 /* Frameworks */ = {
			isa = PBXGroup;
			children = (
				531F719F2331A3229DDE156F /* Pods_HelloWorld_ObjC.framework */,
			);
			name = Frameworks;
			sourceTree = "<group>";
		};
		ADE3DD9B1BFE003900844DC9 = {
			isa = PBXGroup;
			children = (
				ADE3DDA61BFE003900844DC9 /* HelloWorld-ObjC */,
				ADE3DDA51BFE003900844DC9 /* Products */,
				DA41C4B1F73DF1BACE51C67A /* Pods */,
				7853FC6B76DB3DA54F4F06E7 /* Frameworks */,
			);
			sourceTree = "<group>";
		};
		ADE3DDA51BFE003900844DC9 /* Products */ = {
			isa = PBXGroup;
			children = (
				ADE3DDA41BFE003900844DC9 /* HelloWorld-ObjC.app */,
			);
			name = Products;
			sourceTree = "<group>";
		};
		ADE3DDA61BFE003900844DC9 /* HelloWorld-ObjC */ = {
			isa = PBXGroup;
			children = (
				ADE3DDA71BFE003900844DC9 /* AppDelegate.h */,
				ADE3DDA81BFE003900844DC9 /* AppDelegate.m */,
				AD60BA501C03A6F200118EED /* HelloWorldViewController.h */,
				AD60BA511C03A6F200118EED /* HelloWorldViewController.m */,
				AD60BA541C03A72200118EED /* HelloWorldViewController.html */,
				ADD931EC1C6A0DD6005B98FD /* MultipartViewController.h */,
				ADD931ED1C6A0DD6005B98FD /* MultipartViewController.m */,
				ADD931F01C6A0DEE005B98FD /* MultipartViewController.html */,
				ADE3DDC91BFE055100844DC9 /* utils.h */,
				ADE3DDCA1BFE055100844DC9 /* utils.m */,
				ADE3DDAB1BFE003900844DC9 /* main.m */,
				ADE3DDB21BFE003900844DC9 /* Info.plist */,
				ADE99FBF1C6B82F10080B1FA /* Public */,
			);
			path = "HelloWorld-ObjC";
			sourceTree = "<group>";
		};
		ADE99FBF1C6B82F10080B1FA /* Public */ = {
			isa = PBXGroup;
			children = (
				ADE99FBB1C6B82850080B1FA /* style.css */,
			);
			path = Public;
			sourceTree = "<group>";
		};
		DA41C4B1F73DF1BACE51C67A /* Pods */ = {
			isa = PBXGroup;
			children = (
				A24EF449AA6AA45E93FA77B1 /* Pods-HelloWorld-ObjC.debug.xcconfig */,
				573BCA773F4A1418D96AE094 /* Pods-HelloWorld-ObjC.release.xcconfig */,
			);
			name = Pods;
			sourceTree = "<group>";
		};
/* End PBXGroup section */

/* Begin PBXNativeTarget section */
		ADE3DDA31BFE003900844DC9 /* HelloWorld-ObjC */ = {
			isa = PBXNativeTarget;
			buildConfigurationList = ADE3DDB51BFE003900844DC9 /* Build configuration list for PBXNativeTarget "HelloWorld-ObjC" */;
			buildPhases = (
				B0D80C57A32B0964DFDB3743 /* [CP] Check Pods Manifest.lock */,
				ADE3DDA01BFE003900844DC9 /* Sources */,
				ADE3DDA11BFE003900844DC9 /* Frameworks */,
				ADE3DDA21BFE003900844DC9 /* Resources */,
				ADE3DDC51BFE00EB00844DC9 /* Embed Frameworks */,
				ADE99FBE1C6B82B60080B1FA /* Copy Public Resources */,
				B794408A1D097358385AE0F1 /* [CP] Embed Pods Frameworks */,
				2975CBD498FCB1A87068E2FE /* [CP] Copy Pods Resources */,
			);
			buildRules = (
			);
			dependencies = (
			);
			name = "HelloWorld-ObjC";
			productName = "HelloWorld-ObjC";
			productReference = ADE3DDA41BFE003900844DC9 /* HelloWorld-ObjC.app */;
			productType = "com.apple.product-type.application";
		};
/* End PBXNativeTarget section */

/* Begin PBXProject section */
		ADE3DD9C1BFE003900844DC9 /* Project object */ = {
			isa = PBXProject;
			attributes = {
				LastUpgradeCheck = 0900;
				ORGANIZATIONNAME = "Catalin Stan";
				TargetAttributes = {
					ADE3DDA31BFE003900844DC9 = {
						CreatedOnToolsVersion = 7.1.1;
					};
				};
			};
			buildConfigurationList = ADE3DD9F1BFE003900844DC9 /* Build configuration list for PBXProject "HelloWorld-ObjC" */;
			compatibilityVersion = "Xcode 3.2";
			developmentRegion = English;
			hasScannedForEncodings = 0;
			knownRegions = (
				en,
				Base,
			);
			mainGroup = ADE3DD9B1BFE003900844DC9;
			productRefGroup = ADE3DDA51BFE003900844DC9 /* Products */;
			projectDirPath = "";
			projectRoot = "";
			targets = (
				ADE3DDA31BFE003900844DC9 /* HelloWorld-ObjC */,
			);
		};
/* End PBXProject section */

/* Begin PBXResourcesBuildPhase section */
		ADE3DDA21BFE003900844DC9 /* Resources */ = {
			isa = PBXResourcesBuildPhase;
			buildActionMask = 2147483647;
			files = (
				ADD931F11C6A0DEE005B98FD /* MultipartViewController.html in Resources */,
				AD60BA551C03A72200118EED /* HelloWorldViewController.html in Resources */,
			);
			runOnlyForDeploymentPostprocessing = 0;
		};
/* End PBXResourcesBuildPhase section */

/* Begin PBXShellScriptBuildPhase section */
		2975CBD498FCB1A87068E2FE /* [CP] Copy Pods Resources */ = {
			isa = PBXShellScriptBuildPhase;
			buildActionMask = 2147483647;
			files = (
			);
			inputPaths = (
			);
			name = "[CP] Copy Pods Resources";
			outputPaths = (
			);
			runOnlyForDeploymentPostprocessing = 0;
			shellPath = /bin/sh;
			shellScript = "\"${SRCROOT}/Pods/Target Support Files/Pods-HelloWorld-ObjC/Pods-HelloWorld-ObjC-resources.sh\"\n";
			showEnvVarsInLog = 0;
		};
		B0D80C57A32B0964DFDB3743 /* [CP] Check Pods Manifest.lock */ = {
			isa = PBXShellScriptBuildPhase;
			buildActionMask = 2147483647;
			files = (
			);
			inputPaths = (
				"${PODS_PODFILE_DIR_PATH}/Podfile.lock",
				"${PODS_ROOT}/Manifest.lock",
			);
			name = "[CP] Check Pods Manifest.lock";
			outputPaths = (
				"$(DERIVED_FILE_DIR)/Pods-HelloWorld-ObjC-checkManifestLockResult.txt",
			);
			runOnlyForDeploymentPostprocessing = 0;
			shellPath = /bin/sh;
			shellScript = "diff \"${PODS_PODFILE_DIR_PATH}/Podfile.lock\" \"${PODS_ROOT}/Manifest.lock\" > /dev/null\nif [ $? != 0 ] ; then\n    # print error to STDERR\n    echo \"error: The sandbox is not in sync with the Podfile.lock. Run 'pod install' or update your CocoaPods installation.\" >&2\n    exit 1\nfi\n# This output is used by Xcode 'outputs' to avoid re-running this script phase.\necho \"SUCCESS\" > \"${SCRIPT_OUTPUT_FILE_0}\"\n";
			showEnvVarsInLog = 0;
		};
		B794408A1D097358385AE0F1 /* [CP] Embed Pods Frameworks */ = {
			isa = PBXShellScriptBuildPhase;
			buildActionMask = 2147483647;
			files = (
			);
			inputPaths = (
				"${SRCROOT}/Pods/Target Support Files/Pods-HelloWorld-ObjC/Pods-HelloWorld-ObjC-frameworks.sh",
				"${BUILT_PRODUCTS_DIR}/CocoaAsyncSocket/CocoaAsyncSocket.framework",
				"${BUILT_PRODUCTS_DIR}/Criollo/Criollo.framework",
			);
			name = "[CP] Embed Pods Frameworks";
			outputPaths = (
				"${TARGET_BUILD_DIR}/${FRAMEWORKS_FOLDER_PATH}/CocoaAsyncSocket.framework",
				"${TARGET_BUILD_DIR}/${FRAMEWORKS_FOLDER_PATH}/Criollo.framework",
			);
			runOnlyForDeploymentPostprocessing = 0;
			shellPath = /bin/sh;
			shellScript = "\"${SRCROOT}/Pods/Target Support Files/Pods-HelloWorld-ObjC/Pods-HelloWorld-ObjC-frameworks.sh\"\n";
			showEnvVarsInLog = 0;
		};
/* End PBXShellScriptBuildPhase section */

/* Begin PBXSourcesBuildPhase section */
		ADE3DDA01BFE003900844DC9 /* Sources */ = {
			isa = PBXSourcesBuildPhase;
			buildActionMask = 2147483647;
			files = (
				ADD931EE1C6A0DD6005B98FD /* MultipartViewController.m in Sources */,
				AD60BA521C03A6F200118EED /* HelloWorldViewController.m in Sources */,
				ADE3DDCB1BFE055100844DC9 /* utils.m in Sources */,
				ADE3DDAC1BFE003900844DC9 /* main.m in Sources */,
				ADE3DDA91BFE003900844DC9 /* AppDelegate.m in Sources */,
			);
			runOnlyForDeploymentPostprocessing = 0;
		};
/* End PBXSourcesBuildPhase section */

/* Begin XCBuildConfiguration section */
		ADE3DDB31BFE003900844DC9 /* Debug */ = {
			isa = XCBuildConfiguration;
			buildSettings = {
				ALWAYS_SEARCH_USER_PATHS = NO;
				CLANG_CXX_LANGUAGE_STANDARD = "gnu++0x";
				CLANG_CXX_LIBRARY = "libc++";
				CLANG_ENABLE_MODULES = YES;
				CLANG_ENABLE_OBJC_ARC = YES;
				CLANG_WARN_BLOCK_CAPTURE_AUTORELEASING = YES;
				CLANG_WARN_BOOL_CONVERSION = YES;
				CLANG_WARN_COMMA = YES;
				CLANG_WARN_CONSTANT_CONVERSION = YES;
				CLANG_WARN_DIRECT_OBJC_ISA_USAGE = YES_ERROR;
				CLANG_WARN_EMPTY_BODY = YES;
				CLANG_WARN_ENUM_CONVERSION = YES;
				CLANG_WARN_INFINITE_RECURSION = YES;
				CLANG_WARN_INT_CONVERSION = YES;
				CLANG_WARN_NON_LITERAL_NULL_CONVERSION = YES;
				CLANG_WARN_OBJC_LITERAL_CONVERSION = YES;
				CLANG_WARN_OBJC_ROOT_CLASS = YES_ERROR;
				CLANG_WARN_RANGE_LOOP_ANALYSIS = YES;
				CLANG_WARN_STRICT_PROTOTYPES = YES;
				CLANG_WARN_SUSPICIOUS_MOVE = YES;
				CLANG_WARN_UNREACHABLE_CODE = YES;
				CLANG_WARN__DUPLICATE_METHOD_MATCH = YES;
				CODE_SIGN_IDENTITY = "-";
				COPY_PHASE_STRIP = NO;
				DEBUG_INFORMATION_FORMAT = dwarf;
				ENABLE_STRICT_OBJC_MSGSEND = YES;
				ENABLE_TESTABILITY = YES;
				GCC_C_LANGUAGE_STANDARD = gnu99;
				GCC_DYNAMIC_NO_PIC = NO;
				GCC_NO_COMMON_BLOCKS = YES;
				GCC_OPTIMIZATION_LEVEL = 0;
				GCC_PREPROCESSOR_DEFINITIONS = (
					"DEBUG=1",
					"$(inherited)",
				);
				GCC_WARN_64_TO_32_BIT_CONVERSION = YES;
				GCC_WARN_ABOUT_RETURN_TYPE = YES_ERROR;
				GCC_WARN_UNDECLARED_SELECTOR = YES;
				GCC_WARN_UNINITIALIZED_AUTOS = YES_AGGRESSIVE;
				GCC_WARN_UNUSED_FUNCTION = YES;
				GCC_WARN_UNUSED_VARIABLE = YES;
				MACOSX_DEPLOYMENT_TARGET = 10.10;
				MTL_ENABLE_DEBUG_INFO = YES;
				ONLY_ACTIVE_ARCH = YES;
				SDKROOT = macosx;
				WARNING_CFLAGS = "-Wpartial-availability";
			};
			name = Debug;
		};
		ADE3DDB41BFE003900844DC9 /* Release */ = {
			isa = XCBuildConfiguration;
			buildSettings = {
				ALWAYS_SEARCH_USER_PATHS = NO;
				CLANG_CXX_LANGUAGE_STANDARD = "gnu++0x";
				CLANG_CXX_LIBRARY = "libc++";
				CLANG_ENABLE_MODULES = YES;
				CLANG_ENABLE_OBJC_ARC = YES;
				CLANG_WARN_BLOCK_CAPTURE_AUTORELEASING = YES;
				CLANG_WARN_BOOL_CONVERSION = YES;
				CLANG_WARN_COMMA = YES;
				CLANG_WARN_CONSTANT_CONVERSION = YES;
				CLANG_WARN_DIRECT_OBJC_ISA_USAGE = YES_ERROR;
				CLANG_WARN_EMPTY_BODY = YES;
				CLANG_WARN_ENUM_CONVERSION = YES;
				CLANG_WARN_INFINITE_RECURSION = YES;
				CLANG_WARN_INT_CONVERSION = YES;
				CLANG_WARN_NON_LITERAL_NULL_CONVERSION = YES;
				CLANG_WARN_OBJC_LITERAL_CONVERSION = YES;
				CLANG_WARN_OBJC_ROOT_CLASS = YES_ERROR;
				CLANG_WARN_RANGE_LOOP_ANALYSIS = YES;
				CLANG_WARN_STRICT_PROTOTYPES = YES;
				CLANG_WARN_SUSPICIOUS_MOVE = YES;
				CLANG_WARN_UNREACHABLE_CODE = YES;
				CLANG_WARN__DUPLICATE_METHOD_MATCH = YES;
				CODE_SIGN_IDENTITY = "-";
				COPY_PHASE_STRIP = NO;
				DEBUG_INFORMATION_FORMAT = "dwarf-with-dsym";
				ENABLE_NS_ASSERTIONS = NO;
				ENABLE_STRICT_OBJC_MSGSEND = YES;
				GCC_C_LANGUAGE_STANDARD = gnu99;
				GCC_NO_COMMON_BLOCKS = YES;
				GCC_WARN_64_TO_32_BIT_CONVERSION = YES;
				GCC_WARN_ABOUT_RETURN_TYPE = YES_ERROR;
				GCC_WARN_UNDECLARED_SELECTOR = YES;
				GCC_WARN_UNINITIALIZED_AUTOS = YES_AGGRESSIVE;
				GCC_WARN_UNUSED_FUNCTION = YES;
				GCC_WARN_UNUSED_VARIABLE = YES;
				MACOSX_DEPLOYMENT_TARGET = 10.10;
				MTL_ENABLE_DEBUG_INFO = NO;
				SDKROOT = macosx;
				WARNING_CFLAGS = "-Wpartial-availability";
			};
			name = Release;
		};
		ADE3DDB61BFE003900844DC9 /* Debug */ = {
			isa = XCBuildConfiguration;
			baseConfigurationReference = A24EF449AA6AA45E93FA77B1 /* Pods-HelloWorld-ObjC.debug.xcconfig */;
			buildSettings = {
				COMBINE_HIDPI_IMAGES = YES;
				INFOPLIST_FILE = "HelloWorld-ObjC/Info.plist";
				LD_RUNPATH_SEARCH_PATHS = "$(inherited) @executable_path/../Frameworks";
				PRODUCT_BUNDLE_IDENTIFIER = "io.criollo.examples.HelloWorld-ObjC";
				PRODUCT_NAME = "$(TARGET_NAME)";
			};
			name = Debug;
		};
		ADE3DDB71BFE003900844DC9 /* Release */ = {
			isa = XCBuildConfiguration;
			baseConfigurationReference = 573BCA773F4A1418D96AE094 /* Pods-HelloWorld-ObjC.release.xcconfig */;
			buildSettings = {
				COMBINE_HIDPI_IMAGES = YES;
				INFOPLIST_FILE = "HelloWorld-ObjC/Info.plist";
				LD_RUNPATH_SEARCH_PATHS = "$(inherited) @executable_path/../Frameworks";
				PRODUCT_BUNDLE_IDENTIFIER = "io.criollo.examples.HelloWorld-ObjC";
				PRODUCT_NAME = "$(TARGET_NAME)";
			};
			name = Release;
		};
/* End XCBuildConfiguration section */

/* Begin XCConfigurationList section */
		ADE3DD9F1BFE003900844DC9 /* Build configuration list for PBXProject "HelloWorld-ObjC" */ = {
			isa = XCConfigurationList;
			buildConfigurations = (
				ADE3DDB31BFE003900844DC9 /* Debug */,
				ADE3DDB41BFE003900844DC9 /* Release */,
			);
			defaultConfigurationIsVisible = 0;
			defaultConfigurationName = Release;
		};
		ADE3DDB51BFE003900844DC9 /* Build configuration list for PBXNativeTarget "HelloWorld-ObjC" */ = {
			isa = XCConfigurationList;
			buildConfigurations = (
				ADE3DDB61BFE003900844DC9 /* Debug */,
				ADE3DDB71BFE003900844DC9 /* Release */,
			);
			defaultConfigurationIsVisible = 0;
			defaultConfigurationName = Release;
		};
/* End XCConfigurationList section */
	};
	rootObject = ADE3DD9C1BFE003900844DC9 /* Project object */;
}
