// !$*UTF8*$!
{
	archiveVersion = 1;
	classes = {
	};
	objectVersion = 48;
	objects = {

/* Begin PBXBuildFile section */
		4ABB1E6E1F9E7A8500480EC7 /* AppDelegate.swift in Sources */ = {isa = PBXBuildFile; fileRef = 4ABB1E6D1F9E7A8500480EC7 /* AppDelegate.swift */; };
		4ABB1E701F9E7A8500480EC7 /* ViewController.swift in Sources */ = {isa = PBXBuildFile; fileRef = 4ABB1E6F1F9E7A8500480EC7 /* ViewController.swift */; };
		4ABB1E731F9E7A8500480EC7 /* Main.storyboard in Resources */ = {isa = PBXBuildFile; fileRef = 4ABB1E711F9E7A8500480EC7 /* Main.storyboard */; };
		4ABB1E751F9E7A8500480EC7 /* Assets.xcassets in Resources */ = {isa = PBXBuildFile; fileRef = 4ABB1E741F9E7A8500480EC7 /* Assets.xcassets */; };
		4ABB1E8A1F9E7B0D00480EC7 /* Criollo.framework in Frameworks */ = {isa = PBXBuildFile; fileRef = 4ABB1E8B1F9E7B0D00480EC7 /* Criollo.framework */; };
		4ABB1E931F9E7C4400480EC7 /* criollo_local.p12 in Resources */ = {isa = PBXBuildFile; fileRef = 4ABB1E8E1F9E7C4400480EC7 /* criollo_local.p12 */; };
		4ABB1E941F9E7C4400480EC7 /* key.der in Resources */ = {isa = PBXBuildFile; fileRef = 4ABB1E8F1F9E7C4400480EC7 /* key.der */; };
		4ABB1E951F9E7C4400480EC7 /* cert.der in Resources */ = {isa = PBXBuildFile; fileRef = 4ABB1E901F9E7C4400480EC7 /* cert.der */; };
		4ABB1E961F9E7C4400480EC7 /* cert.pem in Resources */ = {isa = PBXBuildFile; fileRef = 4ABB1E911F9E7C4400480EC7 /* cert.pem */; };
		4ABB1E971F9E7C4400480EC7 /* key.pem in Resources */ = {isa = PBXBuildFile; fileRef = 4ABB1E921F9E7C4400480EC7 /* key.pem */; };
		4ABB1E9F1F9E7CAB00480EC7 /* APIController.swift in Sources */ = {isa = PBXBuildFile; fileRef = 4ABB1E9B1F9E7CAB00480EC7 /* APIController.swift */; };
		4ABB1EA01F9E7CAB00480EC7 /* MultiRouteViewController.swift in Sources */ = {isa = PBXBuildFile; fileRef = 4ABB1E9C1F9E7CAB00480EC7 /* MultiRouteViewController.swift */; };
		4ABB1EA11F9E7CAB00480EC7 /* HelloWorldViewController.swift in Sources */ = {isa = PBXBuildFile; fileRef = 4ABB1E9E1F9E7CAB00480EC7 /* HelloWorldViewController.swift */; };
		4ABB1EA61F9E7D0300480EC7 /* HelloWorldViewController.html in Resources */ = {isa = PBXBuildFile; fileRef = 4ABB1EA21F9E7D0200480EC7 /* HelloWorldViewController.html */; };
		4ABB1EA71F9E7D0300480EC7 /* MultiRouteViewController.html in Resources */ = {isa = PBXBuildFile; fileRef = 4ABB1EA31F9E7D0200480EC7 /* MultiRouteViewController.html */; };
		4ABB1EAC1F9E7D5B00480EC7 /* SystemInfoHelper.m in Sources */ = {isa = PBXBuildFile; fileRef = 4ABB1EAB1F9E7D5B00480EC7 /* SystemInfoHelper.m */; };
		4ABB1EAE1F9E7DAB00480EC7 /* style.css in Copy Public Resources */ = {isa = PBXBuildFile; fileRef = 4ABB1E991F9E7C7E00480EC7 /* style.css */; };
/* End PBXBuildFile section */

/* Begin PBXCopyFilesBuildPhase section */
		4ABB1EAD1F9E7D8C00480EC7 /* Copy Public Resources */ = {
			isa = PBXCopyFilesBuildPhase;
			buildActionMask = 2147483647;
			dstPath = Public;
			dstSubfolderSpec = 7;
			files = (
				4ABB1EAE1F9E7DAB00480EC7 /* style.css in Copy Public Resources */,
			);
			name = "Copy Public Resources";
			runOnlyForDeploymentPostprocessing = 0;
		};
/* End PBXCopyFilesBuildPhase section */

/* Begin PBXFileReference section */
		4ABB1E6A1F9E7A8500480EC7 /* Criollo tvOS App.app */ = {isa = PBXFileReference; explicitFileType = wrapper.application; includeInIndex = 0; path = "Criollo tvOS App.app"; sourceTree = BUILT_PRODUCTS_DIR; };
		4ABB1E6D1F9E7A8500480EC7 /* AppDelegate.swift */ = {isa = PBXFileReference; lastKnownFileType = sourcecode.swift; path = AppDelegate.swift; sourceTree = "<group>"; };
		4ABB1E6F1F9E7A8500480EC7 /* ViewController.swift */ = {isa = PBXFileReference; lastKnownFileType = sourcecode.swift; path = ViewController.swift; sourceTree = "<group>"; };
		4ABB1E721F9E7A8500480EC7 /* Base */ = {isa = PBXFileReference; lastKnownFileType = file.storyboard; name = Base; path = Base.lproj/Main.storyboard; sourceTree = "<group>"; };
		4ABB1E741F9E7A8500480EC7 /* Assets.xcassets */ = {isa = PBXFileReference; lastKnownFileType = folder.assetcatalog; path = Assets.xcassets; sourceTree = "<group>"; };
		4ABB1E761F9E7A8500480EC7 /* Info.plist */ = {isa = PBXFileReference; lastKnownFileType = text.plist.xml; path = Info.plist; sourceTree = "<group>"; };
		4ABB1E8B1F9E7B0D00480EC7 /* Criollo.framework */ = {isa = PBXFileReference; explicitFileType = wrapper.framework; path = Criollo.framework; sourceTree = BUILT_PRODUCTS_DIR; };
		4ABB1E8E1F9E7C4400480EC7 /* criollo_local.p12 */ = {isa = PBXFileReference; lastKnownFileType = file; path = criollo_local.p12; sourceTree = "<group>"; };
		4ABB1E8F1F9E7C4400480EC7 /* key.der */ = {isa = PBXFileReference; lastKnownFileType = file; path = key.der; sourceTree = "<group>"; };
		4ABB1E901F9E7C4400480EC7 /* cert.der */ = {isa = PBXFileReference; lastKnownFileType = file; path = cert.der; sourceTree = "<group>"; };
		4ABB1E911F9E7C4400480EC7 /* cert.pem */ = {isa = PBXFileReference; fileEncoding = 4; lastKnownFileType = text; path = cert.pem; sourceTree = "<group>"; };
		4ABB1E921F9E7C4400480EC7 /* key.pem */ = {isa = PBXFileReference; fileEncoding = 4; lastKnownFileType = text; path = key.pem; sourceTree = "<group>"; };
		4ABB1E991F9E7C7E00480EC7 /* style.css */ = {isa = PBXFileReference; fileEncoding = 4; lastKnownFileType = text.css; path = style.css; sourceTree = "<group>"; };
		4ABB1E9B1F9E7CAB00480EC7 /* APIController.swift */ = {isa = PBXFileReference; fileEncoding = 4; lastKnownFileType = sourcecode.swift; path = APIController.swift; sourceTree = "<group>"; };
		4ABB1E9C1F9E7CAB00480EC7 /* MultiRouteViewController.swift */ = {isa = PBXFileReference; fileEncoding = 4; lastKnownFileType = sourcecode.swift; path = MultiRouteViewController.swift; sourceTree = "<group>"; };
		4ABB1E9E1F9E7CAB00480EC7 /* HelloWorldViewController.swift */ = {isa = PBXFileReference; fileEncoding = 4; lastKnownFileType = sourcecode.swift; path = HelloWorldViewController.swift; sourceTree = "<group>"; };
		4ABB1EA21F9E7D0200480EC7 /* HelloWorldViewController.html */ = {isa = PBXFileReference; fileEncoding = 4; lastKnownFileType = text.html; name = HelloWorldViewController.html; path = Shared/HelloWorldViewController.html; sourceTree = SOURCE_ROOT; };
		4ABB1EA31F9E7D0200480EC7 /* MultiRouteViewController.html */ = {isa = PBXFileReference; fileEncoding = 4; lastKnownFileType = text.html; name = MultiRouteViewController.html; path = Shared/MultiRouteViewController.html; sourceTree = SOURCE_ROOT; };
		4ABB1EA91F9E7D5B00480EC7 /* Criollo-tvOS-App-Bridging-Header.h */ = {isa = PBXFileReference; lastKnownFileType = sourcecode.c.h; path = "Criollo-tvOS-App-Bridging-Header.h"; sourceTree = "<group>"; };
		4ABB1EAA1F9E7D5B00480EC7 /* SystemInfoHelper.h */ = {isa = PBXFileReference; fileEncoding = 4; lastKnownFileType = sourcecode.c.h; name = SystemInfoHelper.h; path = Shared/SystemInfoHelper.h; sourceTree = SOURCE_ROOT; };
		4ABB1EAB1F9E7D5B00480EC7 /* SystemInfoHelper.m */ = {isa = PBXFileReference; fileEncoding = 4; lastKnownFileType = sourcecode.c.objc; name = SystemInfoHelper.m; path = Shared/SystemInfoHelper.m; sourceTree = SOURCE_ROOT; };
/* End PBXFileReference section */

/* Begin PBXFrameworksBuildPhase section */
		4ABB1E671F9E7A8500480EC7 /* Frameworks */ = {
			isa = PBXFrameworksBuildPhase;
			buildActionMask = 2147483647;
			files = (
				4ABB1E8A1F9E7B0D00480EC7 /* Criollo.framework in Frameworks */,
			);
			runOnlyForDeploymentPostprocessing = 0;
		};
/* End PBXFrameworksBuildPhase section */

/* Begin PBXGroup section */
		4ABB1E611F9E7A8500480EC7 = {
			isa = PBXGroup;
			children = (
				4ABB1E6C1F9E7A8500480EC7 /* Criollo tvOS App */,
				4ABB1E6B1F9E7A8500480EC7 /* Products */,
				4ABB1E891F9E7B0D00480EC7 /* Frameworks */,
			);
			sourceTree = "<group>";
		};
		4ABB1E6B1F9E7A8500480EC7 /* Products */ = {
			isa = PBXGroup;
			children = (
				4ABB1E6A1F9E7A8500480EC7 /* Criollo tvOS App.app */,
			);
			name = Products;
			sourceTree = "<group>";
		};
		4ABB1E6C1F9E7A8500480EC7 /* Criollo tvOS App */ = {
			isa = PBXGroup;
			children = (
				4ABB1E6D1F9E7A8500480EC7 /* AppDelegate.swift */,
				4ABB1E9B1F9E7CAB00480EC7 /* APIController.swift */,
				4ABB1E6F1F9E7A8500480EC7 /* ViewController.swift */,
				4ABB1EA21F9E7D0200480EC7 /* HelloWorldViewController.html */,
				4ABB1E9E1F9E7CAB00480EC7 /* HelloWorldViewController.swift */,
				4ABB1EA31F9E7D0200480EC7 /* MultiRouteViewController.html */,
				4ABB1E9C1F9E7CAB00480EC7 /* MultiRouteViewController.swift */,
				4ABB1E711F9E7A8500480EC7 /* Main.storyboard */,
				4ABB1E761F9E7A8500480EC7 /* Info.plist */,
				4ABB1E741F9E7A8500480EC7 /* Assets.xcassets */,
				4ABB1EA91F9E7D5B00480EC7 /* Criollo-tvOS-App-Bridging-Header.h */,
				4ABB1EAA1F9E7D5B00480EC7 /* SystemInfoHelper.h */,
				4ABB1EAB1F9E7D5B00480EC7 /* SystemInfoHelper.m */,
				4ABB1E8D1F9E7B9600480EC7 /* Certificates */,
				4ABB1E981F9E7C4B00480EC7 /* Public */,
			);
			path = "Criollo tvOS App";
			sourceTree = "<group>";
		};
		4ABB1E891F9E7B0D00480EC7 /* Frameworks */ = {
			isa = PBXGroup;
			children = (
				4ABB1E8B1F9E7B0D00480EC7 /* Criollo.framework */,
			);
			name = Frameworks;
			sourceTree = "<group>";
		};
		4ABB1E8D1F9E7B9600480EC7 /* Certificates */ = {
			isa = PBXGroup;
			children = (
				4ABB1E901F9E7C4400480EC7 /* cert.der */,
				4ABB1E911F9E7C4400480EC7 /* cert.pem */,
				4ABB1E8E1F9E7C4400480EC7 /* criollo_local.p12 */,
				4ABB1E8F1F9E7C4400480EC7 /* key.der */,
				4ABB1E921F9E7C4400480EC7 /* key.pem */,
			);
			name = Certificates;
			path = ../Shared/Certificates;
			sourceTree = "<group>";
		};
		4ABB1E981F9E7C4B00480EC7 /* Public */ = {
			isa = PBXGroup;
			children = (
				4ABB1E991F9E7C7E00480EC7 /* style.css */,
			);
			name = Public;
			path = ../Shared/Public;
			sourceTree = "<group>";
		};
/* End PBXGroup section */

/* Begin PBXNativeTarget section */
		4ABB1E691F9E7A8500480EC7 /* Criollo tvOS App */ = {
			isa = PBXNativeTarget;
			buildConfigurationList = 4ABB1E791F9E7A8500480EC7 /* Build configuration list for PBXNativeTarget "Criollo tvOS App" */;
			buildPhases = (
				4ABB1E661F9E7A8500480EC7 /* Sources */,
				4ABB1E671F9E7A8500480EC7 /* Frameworks */,
				4ABB1E681F9E7A8500480EC7 /* Resources */,
				4ABB1EAD1F9E7D8C00480EC7 /* Copy Public Resources */,
			);
			buildRules = (
			);
			dependencies = (
			);
			name = "Criollo tvOS App";
			productName = CriolloTVApp;
			productReference = 4ABB1E6A1F9E7A8500480EC7 /* Criollo tvOS App.app */;
			productType = "com.apple.product-type.application";
		};
/* End PBXNativeTarget section */

/* Begin PBXProject section */
		4ABB1E621F9E7A8500480EC7 /* Project object */ = {
			isa = PBXProject;
			attributes = {
				LastSwiftUpdateCheck = 0900;
				LastUpgradeCheck = 1240;
				ORGANIZATIONNAME = "Cătălin Stan";
				TargetAttributes = {
					4ABB1E691F9E7A8500480EC7 = {
						CreatedOnToolsVersion = 9.0.1;
						LastSwiftMigration = 1140;
						ProvisioningStyle = Manual;
					};
				};
			};
			buildConfigurationList = 4ABB1E651F9E7A8500480EC7 /* Build configuration list for PBXProject "Criollo tvOS App" */;
			compatibilityVersion = "Xcode 8.0";
			developmentRegion = en;
			hasScannedForEncodings = 0;
			knownRegions = (
				en,
				Base,
			);
			mainGroup = 4ABB1E611F9E7A8500480EC7;
			productRefGroup = 4ABB1E6B1F9E7A8500480EC7 /* Products */;
			projectDirPath = "";
			projectRoot = "";
			targets = (
				4ABB1E691F9E7A8500480EC7 /* Criollo tvOS App */,
			);
		};
/* End PBXProject section */

/* Begin PBXResourcesBuildPhase section */
		4ABB1E681F9E7A8500480EC7 /* Resources */ = {
			isa = PBXResourcesBuildPhase;
			buildActionMask = 2147483647;
			files = (
				4ABB1E751F9E7A8500480EC7 /* Assets.xcassets in Resources */,
				4ABB1E951F9E7C4400480EC7 /* cert.der in Resources */,
				4ABB1EA71F9E7D0300480EC7 /* MultiRouteViewController.html in Resources */,
				4ABB1E961F9E7C4400480EC7 /* cert.pem in Resources */,
				4ABB1EA61F9E7D0300480EC7 /* HelloWorldViewController.html in Resources */,
				4ABB1E941F9E7C4400480EC7 /* key.der in Resources */,
				4ABB1E931F9E7C4400480EC7 /* criollo_local.p12 in Resources */,
				4ABB1E731F9E7A8500480EC7 /* Main.storyboard in Resources */,
				4ABB1E971F9E7C4400480EC7 /* key.pem in Resources */,
			);
			runOnlyForDeploymentPostprocessing = 0;
		};
/* End PBXResourcesBuildPhase section */

/* Begin PBXSourcesBuildPhase section */
		4ABB1E661F9E7A8500480EC7 /* Sources */ = {
			isa = PBXSourcesBuildPhase;
			buildActionMask = 2147483647;
			files = (
				4ABB1EAC1F9E7D5B00480EC7 /* SystemInfoHelper.m in Sources */,
				4ABB1E701F9E7A8500480EC7 /* ViewController.swift in Sources */,
				4ABB1E6E1F9E7A8500480EC7 /* AppDelegate.swift in Sources */,
				4ABB1EA11F9E7CAB00480EC7 /* HelloWorldViewController.swift in Sources */,
				4ABB1EA01F9E7CAB00480EC7 /* MultiRouteViewController.swift in Sources */,
				4ABB1E9F1F9E7CAB00480EC7 /* APIController.swift in Sources */,
			);
			runOnlyForDeploymentPostprocessing = 0;
		};
/* End PBXSourcesBuildPhase section */

/* Begin PBXVariantGroup section */
		4ABB1E711F9E7A8500480EC7 /* Main.storyboard */ = {
			isa = PBXVariantGroup;
			children = (
				4ABB1E721F9E7A8500480EC7 /* Base */,
			);
			name = Main.storyboard;
			sourceTree = "<group>";
		};
/* End PBXVariantGroup section */

/* Begin XCBuildConfiguration section */
		4ABB1E771F9E7A8500480EC7 /* Debug */ = {
			isa = XCBuildConfiguration;
			buildSettings = {
				ALWAYS_SEARCH_USER_PATHS = NO;
				CLANG_ANALYZER_NONNULL = YES;
				CLANG_ANALYZER_NUMBER_OBJECT_CONVERSION = YES_AGGRESSIVE;
				CLANG_CXX_LANGUAGE_STANDARD = "gnu++14";
				CLANG_CXX_LIBRARY = "libc++";
				CLANG_ENABLE_MODULES = YES;
				CLANG_ENABLE_OBJC_ARC = YES;
				CLANG_WARN_BLOCK_CAPTURE_AUTORELEASING = YES;
				CLANG_WARN_BOOL_CONVERSION = YES;
				CLANG_WARN_COMMA = YES;
				CLANG_WARN_CONSTANT_CONVERSION = YES;
				CLANG_WARN_DEPRECATED_OBJC_IMPLEMENTATIONS = YES;
				CLANG_WARN_DIRECT_OBJC_ISA_USAGE = YES_ERROR;
				CLANG_WARN_DOCUMENTATION_COMMENTS = YES;
				CLANG_WARN_EMPTY_BODY = YES;
				CLANG_WARN_ENUM_CONVERSION = YES;
				CLANG_WARN_INFINITE_RECURSION = YES;
				CLANG_WARN_INT_CONVERSION = YES;
				CLANG_WARN_NON_LITERAL_NULL_CONVERSION = YES;
				CLANG_WARN_OBJC_IMPLICIT_RETAIN_SELF = YES;
				CLANG_WARN_OBJC_LITERAL_CONVERSION = YES;
				CLANG_WARN_OBJC_ROOT_CLASS = YES_ERROR;
				CLANG_WARN_QUOTED_INCLUDE_IN_FRAMEWORK_HEADER = YES;
				CLANG_WARN_RANGE_LOOP_ANALYSIS = YES;
				CLANG_WARN_STRICT_PROTOTYPES = YES;
				CLANG_WARN_SUSPICIOUS_MOVE = YES;
				CLANG_WARN_UNGUARDED_AVAILABILITY = YES_AGGRESSIVE;
				CLANG_WARN_UNREACHABLE_CODE = YES;
				CLANG_WARN__DUPLICATE_METHOD_MATCH = YES;
				COPY_PHASE_STRIP = NO;
				DEBUG_INFORMATION_FORMAT = dwarf;
				ENABLE_STRICT_OBJC_MSGSEND = YES;
				ENABLE_TESTABILITY = YES;
				GCC_C_LANGUAGE_STANDARD = gnu11;
				GCC_DYNAMIC_NO_PIC = NO;
				GCC_NO_COMMON_BLOCKS = YES;
				GCC_OPTIMIZATION_LEVEL = 0;
				GCC_PREPROCESSOR_DEFINITIONS = (
					"DEBUG=1",
					"$(inherited)",
				);
				GCC_TREAT_INCOMPATIBLE_POINTER_TYPE_WARNINGS_AS_ERRORS = YES;
				GCC_TREAT_WARNINGS_AS_ERRORS = YES;
				GCC_WARN_64_TO_32_BIT_CONVERSION = YES;
				GCC_WARN_ABOUT_RETURN_TYPE = YES_ERROR;
				GCC_WARN_UNDECLARED_SELECTOR = YES;
				GCC_WARN_UNINITIALIZED_AUTOS = YES_AGGRESSIVE;
				GCC_WARN_UNUSED_FUNCTION = YES;
				GCC_WARN_UNUSED_VARIABLE = YES;
				MTL_ENABLE_DEBUG_INFO = YES;
				ONLY_ACTIVE_ARCH = YES;
				SDKROOT = appletvos;
				SWIFT_ACTIVE_COMPILATION_CONDITIONS = DEBUG;
				SWIFT_OPTIMIZATION_LEVEL = "-Onone";
				SWIFT_TREAT_WARNINGS_AS_ERRORS = YES;
				TVOS_DEPLOYMENT_TARGET = 12.0;
			};
			name = Debug;
		};
		4ABB1E781F9E7A8500480EC7 /* Release */ = {
			isa = XCBuildConfiguration;
			buildSettings = {
				ALWAYS_SEARCH_USER_PATHS = NO;
				CLANG_ANALYZER_NONNULL = YES;
				CLANG_ANALYZER_NUMBER_OBJECT_CONVERSION = YES_AGGRESSIVE;
				CLANG_CXX_LANGUAGE_STANDARD = "gnu++14";
				CLANG_CXX_LIBRARY = "libc++";
				CLANG_ENABLE_MODULES = YES;
				CLANG_ENABLE_OBJC_ARC = YES;
				CLANG_WARN_BLOCK_CAPTURE_AUTORELEASING = YES;
				CLANG_WARN_BOOL_CONVERSION = YES;
				CLANG_WARN_COMMA = YES;
				CLANG_WARN_CONSTANT_CONVERSION = YES;
				CLANG_WARN_DEPRECATED_OBJC_IMPLEMENTATIONS = YES;
				CLANG_WARN_DIRECT_OBJC_ISA_USAGE = YES_ERROR;
				CLANG_WARN_DOCUMENTATION_COMMENTS = YES;
				CLANG_WARN_EMPTY_BODY = YES;
				CLANG_WARN_ENUM_CONVERSION = YES;
				CLANG_WARN_INFINITE_RECURSION = YES;
				CLANG_WARN_INT_CONVERSION = YES;
				CLANG_WARN_NON_LITERAL_NULL_CONVERSION = YES;
				CLANG_WARN_OBJC_IMPLICIT_RETAIN_SELF = YES;
				CLANG_WARN_OBJC_LITERAL_CONVERSION = YES;
				CLANG_WARN_OBJC_ROOT_CLASS = YES_ERROR;
				CLANG_WARN_QUOTED_INCLUDE_IN_FRAMEWORK_HEADER = YES;
				CLANG_WARN_RANGE_LOOP_ANALYSIS = YES;
				CLANG_WARN_STRICT_PROTOTYPES = YES;
				CLANG_WARN_SUSPICIOUS_MOVE = YES;
				CLANG_WARN_UNGUARDED_AVAILABILITY = YES_AGGRESSIVE;
				CLANG_WARN_UNREACHABLE_CODE = YES;
				CLANG_WARN__DUPLICATE_METHOD_MATCH = YES;
				COPY_PHASE_STRIP = NO;
				DEBUG_INFORMATION_FORMAT = "dwarf-with-dsym";
				ENABLE_NS_ASSERTIONS = NO;
				ENABLE_STRICT_OBJC_MSGSEND = YES;
				GCC_C_LANGUAGE_STANDARD = gnu11;
				GCC_NO_COMMON_BLOCKS = YES;
				GCC_TREAT_INCOMPATIBLE_POINTER_TYPE_WARNINGS_AS_ERRORS = YES;
				GCC_TREAT_WARNINGS_AS_ERRORS = YES;
				GCC_WARN_64_TO_32_BIT_CONVERSION = YES;
				GCC_WARN_ABOUT_RETURN_TYPE = YES_ERROR;
				GCC_WARN_UNDECLARED_SELECTOR = YES;
				GCC_WARN_UNINITIALIZED_AUTOS = YES_AGGRESSIVE;
				GCC_WARN_UNUSED_FUNCTION = YES;
				GCC_WARN_UNUSED_VARIABLE = YES;
				MTL_ENABLE_DEBUG_INFO = NO;
				SDKROOT = appletvos;
				SWIFT_OPTIMIZATION_LEVEL = "-Owholemodule";
				SWIFT_TREAT_WARNINGS_AS_ERRORS = YES;
				TVOS_DEPLOYMENT_TARGET = 12.0;
				VALIDATE_PRODUCT = YES;
			};
			name = Release;
		};
		4ABB1E7A1F9E7A8500480EC7 /* Debug */ = {
			isa = XCBuildConfiguration;
			buildSettings = {
				ASSETCATALOG_COMPILER_APPICON_NAME = "App Icon & Top Shelf Image";
				ASSETCATALOG_COMPILER_LAUNCHIMAGE_NAME = LaunchImage;
				CLANG_ENABLE_MODULES = YES;
				INFOPLIST_FILE = "Criollo tvOS App/Info.plist";
				LD_RUNPATH_SEARCH_PATHS = "$(inherited) @executable_path/Frameworks";
				PRODUCT_BUNDLE_IDENTIFIER = io.criollo.CriolloTVApp;
				PRODUCT_NAME = "$(TARGET_NAME)";
				SWIFT_OBJC_BRIDGING_HEADER = "Criollo tvOS App/Criollo-tvOS-App-Bridging-Header.h";
				SWIFT_OPTIMIZATION_LEVEL = "-Onone";
				SWIFT_VERSION = 5.0;
				TARGETED_DEVICE_FAMILY = 3;
				TVOS_DEPLOYMENT_TARGET = 12.0;
			};
			name = Debug;
		};
		4ABB1E7B1F9E7A8500480EC7 /* Release */ = {
			isa = XCBuildConfiguration;
			buildSettings = {
				ASSETCATALOG_COMPILER_APPICON_NAME = "App Icon & Top Shelf Image";
				ASSETCATALOG_COMPILER_LAUNCHIMAGE_NAME = LaunchImage;
				CLANG_ENABLE_MODULES = YES;
				INFOPLIST_FILE = "Criollo tvOS App/Info.plist";
				LD_RUNPATH_SEARCH_PATHS = "$(inherited) @executable_path/Frameworks";
				PRODUCT_BUNDLE_IDENTIFIER = io.criollo.CriolloTVApp;
				PRODUCT_NAME = "$(TARGET_NAME)";
				SWIFT_OBJC_BRIDGING_HEADER = "Criollo tvOS App/Criollo-tvOS-App-Bridging-Header.h";
				SWIFT_VERSION = 5.0;
				TARGETED_DEVICE_FAMILY = 3;
				TVOS_DEPLOYMENT_TARGET = 12.0;
			};
			name = Release;
		};
/* End XCBuildConfiguration section */

/* Begin XCConfigurationList section */
		4ABB1E651F9E7A8500480EC7 /* Build configuration list for PBXProject "Criollo tvOS App" */ = {
			isa = XCConfigurationList;
			buildConfigurations = (
				4ABB1E771F9E7A8500480EC7 /* Debug */,
				4ABB1E781F9E7A8500480EC7 /* Release */,
			);
			defaultConfigurationIsVisible = 0;
			defaultConfigurationName = Release;
		};
		4ABB1E791F9E7A8500480EC7 /* Build configuration list for PBXNativeTarget "Criollo tvOS App" */ = {
			isa = XCConfigurationList;
			buildConfigurations = (
				4ABB1E7A1F9E7A8500480EC7 /* Debug */,
				4ABB1E7B1F9E7A8500480EC7 /* Release */,
			);
			defaultConfigurationIsVisible = 0;
			defaultConfigurationName = Release;
		};
/* End XCConfigurationList section */
	};
	rootObject = 4ABB1E621F9E7A8500480EC7 /* Project object */;
}
