// !$*UTF8*$!
{
	archiveVersion = 1;
	classes = {
	};
	objectVersion = 48;
	objects = {

/* Begin PBXBuildFile section */
		4AC38AF72030BD4F00136D13 /* AppDelegate.m in Sources */ = {isa = PBXBuildFile; fileRef = 4AC38AF62030BD4F00136D13 /* AppDelegate.m */; };
		4AC38AF92030BD4F00136D13 /* Assets.xcassets in Resources */ = {isa = PBXBuildFile; fileRef = 4AC38AF82030BD4F00136D13 /* Assets.xcassets */; };
		4AC38AFF2030BD4F00136D13 /* main.m in Sources */ = {isa = PBXBuildFile; fileRef = 4AC38AFE2030BD4F00136D13 /* main.m */; };
		4AF2EA0D203E329400FAF95C /* SecureHTTPServer.bundle.pem in Resources */ = {isa = PBXBuildFile; fileRef = 4AF2EA0A203E329400FAF95C /* SecureHTTPServer.bundle.pem */; };
		4AF2EA0E203E329400FAF95C /* SecureHTTPServer.key.pem in Resources */ = {isa = PBXBuildFile; fileRef = 4AF2EA0B203E329400FAF95C /* SecureHTTPServer.key.pem */; };
/* End PBXBuildFile section */

/* Begin PBXFileReference section */
		4AC38AF22030BD4F00136D13 /* LongRequest.app */ = {isa = PBXFileReference; explicitFileType = wrapper.application; includeInIndex = 0; path = LongRequest.app; sourceTree = BUILT_PRODUCTS_DIR; };
		4AC38AF52030BD4F00136D13 /* AppDelegate.h */ = {isa = PBXFileReference; lastKnownFileType = sourcecode.c.h; path = AppDelegate.h; sourceTree = "<group>"; };
		4AC38AF62030BD4F00136D13 /* AppDelegate.m */ = {isa = PBXFileReference; lastKnownFileType = sourcecode.c.objc; path = AppDelegate.m; sourceTree = "<group>"; };
		4AC38AF82030BD4F00136D13 /* Assets.xcassets */ = {isa = PBXFileReference; lastKnownFileType = folder.assetcatalog; path = Assets.xcassets; sourceTree = "<group>"; };
		4AC38AFD2030BD4F00136D13 /* Info.plist */ = {isa = PBXFileReference; lastKnownFileType = text.plist.xml; path = Info.plist; sourceTree = "<group>"; };
		4AC38AFE2030BD4F00136D13 /* main.m */ = {isa = PBXFileReference; lastKnownFileType = sourcecode.c.objc; path = main.m; sourceTree = "<group>"; };
		4AF2EA0A203E329400FAF95C /* SecureHTTPServer.bundle.pem */ = {isa = PBXFileReference; fileEncoding = 4; lastKnownFileType = text; path = SecureHTTPServer.bundle.pem; sourceTree = "<group>"; };
		4AF2EA0B203E329400FAF95C /* SecureHTTPServer.key.pem */ = {isa = PBXFileReference; fileEncoding = 4; lastKnownFileType = text; path = SecureHTTPServer.key.pem; sourceTree = "<group>"; };
/* End PBXFileReference section */

/* Begin PBXFrameworksBuildPhase section */
		4AC38AEF2030BD4F00136D13 /* Frameworks */ = {
			isa = PBXFrameworksBuildPhase;
			buildActionMask = 2147483647;
			files = (
			);
			runOnlyForDeploymentPostprocessing = 0;
		};
/* End PBXFrameworksBuildPhase section */

/* Begin PBXGroup section */
		4AC38AE92030BD4F00136D13 = {
			isa = PBXGroup;
			children = (
				4AF2EA09203E329400FAF95C /* Certificates */,
				4AC38AF42030BD4F00136D13 /* LongRequest */,
				4AC38AF32030BD4F00136D13 /* Products */,
			);
			sourceTree = "<group>";
		};
		4AC38AF32030BD4F00136D13 /* Products */ = {
			isa = PBXGroup;
			children = (
				4AC38AF22030BD4F00136D13 /* LongRequest.app */,
			);
			name = Products;
			sourceTree = "<group>";
		};
		4AC38AF42030BD4F00136D13 /* LongRequest */ = {
			isa = PBXGroup;
			children = (
				4AC38AF52030BD4F00136D13 /* AppDelegate.h */,
				4AC38AF62030BD4F00136D13 /* AppDelegate.m */,
				4AC38AF82030BD4F00136D13 /* Assets.xcassets */,
				4AC38AFD2030BD4F00136D13 /* Info.plist */,
				4AC38AFE2030BD4F00136D13 /* main.m */,
			);
			path = LongRequest;
			sourceTree = "<group>";
		};
		4AF2EA09203E329400FAF95C /* Certificates */ = {
			isa = PBXGroup;
			children = (
				4AF2EA0A203E329400FAF95C /* SecureHTTPServer.bundle.pem */,
				4AF2EA0B203E329400FAF95C /* SecureHTTPServer.key.pem */,
			);
			path = Certificates;
			sourceTree = "<group>";
		};
/* End PBXGroup section */

/* Begin PBXNativeTarget section */
		4AC38AF12030BD4F00136D13 /* LongRequest */ = {
			isa = PBXNativeTarget;
			buildConfigurationList = 4AC38B032030BD4F00136D13 /* Build configuration list for PBXNativeTarget "LongRequest" */;
			buildPhases = (
				4AC38AEE2030BD4F00136D13 /* Sources */,
				4AC38AEF2030BD4F00136D13 /* Frameworks */,
				4AC38AF02030BD4F00136D13 /* Resources */,
			);
			buildRules = (
			);
			dependencies = (
			);
			name = LongRequest;
			productName = LongRequest;
			productReference = 4AC38AF22030BD4F00136D13 /* LongRequest.app */;
			productType = "com.apple.product-type.application";
		};
/* End PBXNativeTarget section */

/* Begin PBXProject section */
		4AC38AEA2030BD4F00136D13 /* Project object */ = {
			isa = PBXProject;
			attributes = {
				LastUpgradeCheck = 1340;
				ORGANIZATIONNAME = "Cătălin Stan";
				TargetAttributes = {
					4AC38AF12030BD4F00136D13 = {
						CreatedOnToolsVersion = 9.1;
						ProvisioningStyle = Manual;
					};
				};
			};
			buildConfigurationList = 4AC38AED2030BD4F00136D13 /* Build configuration list for PBXProject "LongRequest" */;
			compatibilityVersion = "Xcode 8.0";
			developmentRegion = en;
			hasScannedForEncodings = 0;
			knownRegions = (
				en,
				Base,
			);
			mainGroup = 4AC38AE92030BD4F00136D13;
			productRefGroup = 4AC38AF32030BD4F00136D13 /* Products */;
			projectDirPath = "";
			projectRoot = "";
			targets = (
				4AC38AF12030BD4F00136D13 /* LongRequest */,
			);
		};
/* End PBXProject section */

/* Begin PBXResourcesBuildPhase section */
		4AC38AF02030BD4F00136D13 /* Resources */ = {
			isa = PBXResourcesBuildPhase;
			buildActionMask = 2147483647;
			files = (
				4AC38AF92030BD4F00136D13 /* Assets.xcassets in Resources */,
				4AF2EA0E203E329400FAF95C /* SecureHTTPServer.key.pem in Resources */,
				4AF2EA0D203E329400FAF95C /* SecureHTTPServer.bundle.pem in Resources */,
			);
			runOnlyForDeploymentPostprocessing = 0;
		};
/* End PBXResourcesBuildPhase section */

/* Begin PBXSourcesBuildPhase section */
		4AC38AEE2030BD4F00136D13 /* Sources */ = {
			isa = PBXSourcesBuildPhase;
			buildActionMask = 2147483647;
			files = (
				4AC38AFF2030BD4F00136D13 /* main.m in Sources */,
				4AC38AF72030BD4F00136D13 /* AppDelegate.m in Sources */,
			);
			runOnlyForDeploymentPostprocessing = 0;
		};
/* End PBXSourcesBuildPhase section */

/* Begin XCBuildConfiguration section */
		4AC38B012030BD4F00136D13 /* Debug */ = {
			isa = XCBuildConfiguration;
			buildSettings = {
				ALWAYS_SEARCH_USER_PATHS = NO;
				CLANG_ANALYZER_NONNULL = YES;
				CLANG_ANALYZER_NUMBER_OBJECT_CONVERSION = YES_AGGRESSIVE;
				CLANG_CXX_LANGUAGE_STANDARD = "gnu++14";
				CLANG_CXX_LIBRARY = "libc++";
				CLANG_ENABLE_MODULES = YES;
				CLANG_ENABLE_OBJC_ARC = YES;
				CLANG_WARN_BLOCK_CAPTURE_AUTORELEASING = YES;
				CLANG_WARN_BOOL_CONVERSION = YES;
				CLANG_WARN_COMMA = YES;
				CLANG_WARN_CONSTANT_CONVERSION = YES;
				CLANG_WARN_DEPRECATED_OBJC_IMPLEMENTATIONS = YES;
				CLANG_WARN_DIRECT_OBJC_ISA_USAGE = YES_ERROR;
				CLANG_WARN_DOCUMENTATION_COMMENTS = YES;
				CLANG_WARN_EMPTY_BODY = YES;
				CLANG_WARN_ENUM_CONVERSION = YES;
				CLANG_WARN_INFINITE_RECURSION = YES;
				CLANG_WARN_INT_CONVERSION = YES;
				CLANG_WARN_NON_LITERAL_NULL_CONVERSION = YES;
				CLANG_WARN_OBJC_IMPLICIT_RETAIN_SELF = YES;
				CLANG_WARN_OBJC_LITERAL_CONVERSION = YES;
				CLANG_WARN_OBJC_ROOT_CLASS = YES_ERROR;
				CLANG_WARN_QUOTED_INCLUDE_IN_FRAMEWORK_HEADER = YES;
				CLANG_WARN_RANGE_LOOP_ANALYSIS = YES;
				CLANG_WARN_STRICT_PROTOTYPES = YES;
				CLANG_WARN_SUSPICIOUS_MOVE = YES;
				CLANG_WARN_UNGUARDED_AVAILABILITY = YES_AGGRESSIVE;
				CLANG_WARN_UNREACHABLE_CODE = YES;
				CLANG_WARN__DUPLICATE_METHOD_MATCH = YES;
				CODE_SIGN_IDENTITY = "";
				COPY_PHASE_STRIP = NO;
				DEBUG_INFORMATION_FORMAT = dwarf;
				ENABLE_STRICT_OBJC_MSGSEND = YES;
				ENABLE_TESTABILITY = YES;
				GCC_C_LANGUAGE_STANDARD = gnu11;
				GCC_DYNAMIC_NO_PIC = NO;
				GCC_NO_COMMON_BLOCKS = YES;
				GCC_OPTIMIZATION_LEVEL = 0;
				GCC_PREPROCESSOR_DEFINITIONS = (
					"DEBUG=1",
					"$(inherited)",
				);
				GCC_WARN_64_TO_32_BIT_CONVERSION = YES;
				GCC_WARN_ABOUT_RETURN_TYPE = YES_ERROR;
				GCC_WARN_UNDECLARED_SELECTOR = YES;
				GCC_WARN_UNINITIALIZED_AUTOS = YES_AGGRESSIVE;
				GCC_WARN_UNUSED_FUNCTION = YES;
				GCC_WARN_UNUSED_VARIABLE = YES;
				MACOSX_DEPLOYMENT_TARGET = 10.13;
				MTL_ENABLE_DEBUG_INFO = YES;
				ONLY_ACTIVE_ARCH = YES;
				SDKROOT = macosx;
			};
			name = Debug;
		};
		4AC38B022030BD4F00136D13 /* Release */ = {
			isa = XCBuildConfiguration;
			buildSettings = {
				ALWAYS_SEARCH_USER_PATHS = NO;
				CLANG_ANALYZER_NONNULL = YES;
				CLANG_ANALYZER_NUMBER_OBJECT_CONVERSION = YES_AGGRESSIVE;
				CLANG_CXX_LANGUAGE_STANDARD = "gnu++14";
				CLANG_CXX_LIBRARY = "libc++";
				CLANG_ENABLE_MODULES = YES;
				CLANG_ENABLE_OBJC_ARC = YES;
				CLANG_WARN_BLOCK_CAPTURE_AUTORELEASING = YES;
				CLANG_WARN_BOOL_CONVERSION = YES;
				CLANG_WARN_COMMA = YES;
				CLANG_WARN_CONSTANT_CONVERSION = YES;
				CLANG_WARN_DEPRECATED_OBJC_IMPLEMENTATIONS = YES;
				CLANG_WARN_DIRECT_OBJC_ISA_USAGE = YES_ERROR;
				CLANG_WARN_DOCUMENTATION_COMMENTS = YES;
				CLANG_WARN_EMPTY_BODY = YES;
				CLANG_WARN_ENUM_CONVERSION = YES;
				CLANG_WARN_INFINITE_RECURSION = YES;
				CLANG_WARN_INT_CONVERSION = YES;
				CLANG_WARN_NON_LITERAL_NULL_CONVERSION = YES;
				CLANG_WARN_OBJC_IMPLICIT_RETAIN_SELF = YES;
				CLANG_WARN_OBJC_LITERAL_CONVERSION = YES;
				CLANG_WARN_OBJC_ROOT_CLASS = YES_ERROR;
				CLANG_WARN_QUOTED_INCLUDE_IN_FRAMEWORK_HEADER = YES;
				CLANG_WARN_RANGE_LOOP_ANALYSIS = YES;
				CLANG_WARN_STRICT_PROTOTYPES = YES;
				CLANG_WARN_SUSPICIOUS_MOVE = YES;
				CLANG_WARN_UNGUARDED_AVAILABILITY = YES_AGGRESSIVE;
				CLANG_WARN_UNREACHABLE_CODE = YES;
				CLANG_WARN__DUPLICATE_METHOD_MATCH = YES;
				CODE_SIGN_IDENTITY = "";
				COPY_PHASE_STRIP = NO;
				DEBUG_INFORMATION_FORMAT = "dwarf-with-dsym";
				ENABLE_NS_ASSERTIONS = NO;
				ENABLE_STRICT_OBJC_MSGSEND = YES;
				GCC_C_LANGUAGE_STANDARD = gnu11;
				GCC_NO_COMMON_BLOCKS = YES;
				GCC_WARN_64_TO_32_BIT_CONVERSION = YES;
				GCC_WARN_ABOUT_RETURN_TYPE = YES_ERROR;
				GCC_WARN_UNDECLARED_SELECTOR = YES;
				GCC_WARN_UNINITIALIZED_AUTOS = YES_AGGRESSIVE;
				GCC_WARN_UNUSED_FUNCTION = YES;
				GCC_WARN_UNUSED_VARIABLE = YES;
				MACOSX_DEPLOYMENT_TARGET = 10.13;
				MTL_ENABLE_DEBUG_INFO = NO;
				SDKROOT = macosx;
			};
			name = Release;
		};
		4AC38B042030BD4F00136D13 /* Debug */ = {
			isa = XCBuildConfiguration;
			buildSettings = {
				ASSETCATALOG_COMPILER_APPICON_NAME = AppIcon;
				CODE_SIGN_IDENTITY = "-";
				CODE_SIGN_STYLE = Manual;
				COMBINE_HIDPI_IMAGES = YES;
				INFOPLIST_FILE = LongRequest/Info.plist;
				LD_RUNPATH_SEARCH_PATHS = "$(inherited) @executable_path/../Frameworks";
				PRODUCT_BUNDLE_IDENTIFIER = com.catalinstan.LongRequest;
				PRODUCT_NAME = "$(TARGET_NAME)";
			};
			name = Debug;
		};
		4AC38B052030BD4F00136D13 /* Release */ = {
			isa = XCBuildConfiguration;
			buildSettings = {
				ASSETCATALOG_COMPILER_APPICON_NAME = AppIcon;
				CODE_SIGN_IDENTITY = "-";
				CODE_SIGN_STYLE = Manual;
				COMBINE_HIDPI_IMAGES = YES;
				INFOPLIST_FILE = LongRequest/Info.plist;
				LD_RUNPATH_SEARCH_PATHS = "$(inherited) @executable_path/../Frameworks";
				PRODUCT_BUNDLE_IDENTIFIER = com.catalinstan.LongRequest;
				PRODUCT_NAME = "$(TARGET_NAME)";
			};
			name = Release;
		};
/* End XCBuildConfiguration section */

/* Begin XCConfigurationList section */
		4AC38AED2030BD4F00136D13 /* Build configuration list for PBXProject "LongRequest" */ = {
			isa = XCConfigurationList;
			buildConfigurations = (
				4AC38B012030BD4F00136D13 /* Debug */,
				4AC38B022030BD4F00136D13 /* Release */,
			);
			defaultConfigurationIsVisible = 0;
			defaultConfigurationName = Release;
		};
		4AC38B032030BD4F00136D13 /* Build configuration list for PBXNativeTarget "LongRequest" */ = {
			isa = XCConfigurationList;
			buildConfigurations = (
				4AC38B042030BD4F00136D13 /* Debug */,
				4AC38B052030BD4F00136D13 /* Release */,
			);
			defaultConfigurationIsVisible = 0;
			defaultConfigurationName = Release;
		};
/* End XCConfigurationList section */
	};
	rootObject = 4AC38AEA2030BD4F00136D13 /* Project object */;
}
