// !$*UTF8*$!
{
	archiveVersion = 1;
	classes = {
	};
	objectVersion = 46;
	objects = {

/* Begin PBXBuildFile section */
		AD9D83221BEFA7DB002115DD /* AppDelegate.m in Sources */ = {isa = PBXBuildFile; fileRef = AD9D83211BEFA7DB002115DD /* AppDelegate.m */; };
		AD9D83251BEFA7DB002115DD /* main.m in Sources */ = {isa = PBXBuildFile; fileRef = AD9D83241BEFA7DB002115DD /* main.m */; };
		AD9D83271BEFA7DB002115DD /* Assets.xcassets in Resources */ = {isa = PBXBuildFile; fileRef = AD9D83261BEFA7DB002115DD /* Assets.xcassets */; };
		AD9D832A1BEFA7DB002115DD /* MainMenu.xib in Resources */ = {isa = PBXBuildFile; fileRef = AD9D83281BEFA7DB002115DD /* MainMenu.xib */; };
		AD9D83381BEFA82F002115DD /* Criollo.framework in Frameworks */ = {isa = PBXBuildFile; fileRef = AD9D83361BEFA802002115DD /* Criollo.framework */; };
		AD9D83391BEFA82F002115DD /* Criollo.framework in Embed Frameworks */ = {isa = PBXBuildFile; fileRef = AD9D83361BEFA802002115DD /* Criollo.framework */; settings = {ATTRIBUTES = (CodeSignOnCopy, RemoveHeadersOnCopy, ); }; };
		AD9D83481BEFCD7B002115DD /* RequestInfo.m in Sources */ = {isa = PBXBuildFile; fileRef = AD9D83471BEFCD7B002115DD /* RequestInfo.m */; };
/* End PBXBuildFile section */

/* Begin PBXContainerItemProxy section */
		AD9D83351BEFA802002115DD /* PBXContainerItemProxy */ = {
			isa = PBXContainerItemProxy;
			containerPortal = AD9D83311BEFA802002115DD /* Criollo.xcodeproj */;
			proxyType = 2;
			remoteGlobalIDString = ADEDB3761AEFC0B000A26AF1;
			remoteInfo = Criollo;
		};
		AD9D833A1BEFA82F002115DD /* PBXContainerItemProxy */ = {
			isa = PBXContainerItemProxy;
			containerPortal = AD9D83311BEFA802002115DD /* Criollo.xcodeproj */;
			proxyType = 1;
			remoteGlobalIDString = ADEDB3751AEFC0B000A26AF1;
			remoteInfo = Criollo;
		};
/* End PBXContainerItemProxy section */

/* Begin PBXCopyFilesBuildPhase section */
		AD9D833C1BEFA82F002115DD /* Embed Frameworks */ = {
			isa = PBXCopyFilesBuildPhase;
			buildActionMask = 2147483647;
			dstPath = "";
			dstSubfolderSpec = 10;
			files = (
				AD9D83391BEFA82F002115DD /* Criollo.framework in Embed Frameworks */,
			);
			name = "Embed Frameworks";
			runOnlyForDeploymentPostprocessing = 0;
		};
/* End PBXCopyFilesBuildPhase section */

/* Begin PBXFileReference section */
		AD9D831D1BEFA7DB002115DD /* HelloWorld-Cocoa.app */ = {isa = PBXFileReference; explicitFileType = wrapper.application; includeInIndex = 0; path = "HelloWorld-Cocoa.app"; sourceTree = BUILT_PRODUCTS_DIR; };
		AD9D83201BEFA7DB002115DD /* AppDelegate.h */ = {isa = PBXFileReference; lastKnownFileType = sourcecode.c.h; path = AppDelegate.h; sourceTree = "<group>"; };
		AD9D83211BEFA7DB002115DD /* AppDelegate.m */ = {isa = PBXFileReference; lastKnownFileType = sourcecode.c.objc; path = AppDelegate.m; sourceTree = "<group>"; };
		AD9D83241BEFA7DB002115DD /* main.m */ = {isa = PBXFileReference; lastKnownFileType = sourcecode.c.objc; path = main.m; sourceTree = "<group>"; };
		AD9D83261BEFA7DB002115DD /* Assets.xcassets */ = {isa = PBXFileReference; lastKnownFileType = folder.assetcatalog; path = Assets.xcassets; sourceTree = "<group>"; };
		AD9D83291BEFA7DB002115DD /* Base */ = {isa = PBXFileReference; lastKnownFileType = file.xib; name = Base; path = Base.lproj/MainMenu.xib; sourceTree = "<group>"; };
		AD9D832B1BEFA7DB002115DD /* Info.plist */ = {isa = PBXFileReference; lastKnownFileType = text.plist.xml; path = Info.plist; sourceTree = "<group>"; };
		AD9D83311BEFA802002115DD /* Criollo.xcodeproj */ = {isa = PBXFileReference; lastKnownFileType = "wrapper.pb-project"; name = Criollo.xcodeproj; path = ../../Criollo.xcodeproj; sourceTree = "<group>"; };
		AD9D83461BEFCD7B002115DD /* RequestInfo.h */ = {isa = PBXFileReference; fileEncoding = 4; lastKnownFileType = sourcecode.c.h; path = RequestInfo.h; sourceTree = "<group>"; };
		AD9D83471BEFCD7B002115DD /* RequestInfo.m */ = {isa = PBXFileReference; fileEncoding = 4; lastKnownFileType = sourcecode.c.objc; path = RequestInfo.m; sourceTree = "<group>"; };
/* End PBXFileReference section */

/* Begin PBXFrameworksBuildPhase section */
		AD9D831A1BEFA7DB002115DD /* Frameworks */ = {
			isa = PBXFrameworksBuildPhase;
			buildActionMask = 2147483647;
			files = (
				AD9D83381BEFA82F002115DD /* Criollo.framework in Frameworks */,
			);
			runOnlyForDeploymentPostprocessing = 0;
		};
/* End PBXFrameworksBuildPhase section */

/* Begin PBXGroup section */
		AD9D83141BEFA7DB002115DD = {
			isa = PBXGroup;
			children = (
				AD9D83311BEFA802002115DD /* Criollo.xcodeproj */,
				AD9D831F1BEFA7DB002115DD /* HelloWorld-Cocoa */,
				AD9D831E1BEFA7DB002115DD /* Products */,
			);
			sourceTree = "<group>";
		};
		AD9D831E1BEFA7DB002115DD /* Products */ = {
			isa = PBXGroup;
			children = (
				AD9D831D1BEFA7DB002115DD /* HelloWorld-Cocoa.app */,
			);
			name = Products;
			sourceTree = "<group>";
		};
		AD9D831F1BEFA7DB002115DD /* HelloWorld-Cocoa */ = {
			isa = PBXGroup;
			children = (
				AD9D83201BEFA7DB002115DD /* AppDelegate.h */,
				AD9D83211BEFA7DB002115DD /* AppDelegate.m */,
				AD9D83461BEFCD7B002115DD /* RequestInfo.h */,
				AD9D83471BEFCD7B002115DD /* RequestInfo.m */,
				AD9D83281BEFA7DB002115DD /* MainMenu.xib */,
				AD9D83261BEFA7DB002115DD /* Assets.xcassets */,
				AD9D832B1BEFA7DB002115DD /* Info.plist */,
				AD9D83231BEFA7DB002115DD /* Supporting Files */,
			);
			path = "HelloWorld-Cocoa";
			sourceTree = "<group>";
		};
		AD9D83231BEFA7DB002115DD /* Supporting Files */ = {
			isa = PBXGroup;
			children = (
				AD9D83241BEFA7DB002115DD /* main.m */,
			);
			name = "Supporting Files";
			sourceTree = "<group>";
		};
		AD9D83321BEFA802002115DD /* Products */ = {
			isa = PBXGroup;
			children = (
				AD9D83361BEFA802002115DD /* Criollo.framework */,
			);
			name = Products;
			sourceTree = "<group>";
		};
/* End PBXGroup section */

/* Begin PBXNativeTarget section */
		AD9D831C1BEFA7DB002115DD /* HelloWorld-Cocoa */ = {
			isa = PBXNativeTarget;
			buildConfigurationList = AD9D832E1BEFA7DB002115DD /* Build configuration list for PBXNativeTarget "HelloWorld-Cocoa" */;
			buildPhases = (
				AD9D83191BEFA7DB002115DD /* Sources */,
				AD9D831A1BEFA7DB002115DD /* Frameworks */,
				AD9D831B1BEFA7DB002115DD /* Resources */,
				AD9D833C1BEFA82F002115DD /* Embed Frameworks */,
			);
			buildRules = (
			);
			dependencies = (
				AD9D833B1BEFA82F002115DD /* PBXTargetDependency */,
			);
			name = "HelloWorld-Cocoa";
			productName = "HelloWorld-Cocoa";
			productReference = AD9D831D1BEFA7DB002115DD /* HelloWorld-Cocoa.app */;
			productType = "com.apple.product-type.application";
		};
/* End PBXNativeTarget section */

/* Begin PBXProject section */
		AD9D83151BEFA7DB002115DD /* Project object */ = {
			isa = PBXProject;
			attributes = {
				LastUpgradeCheck = 0710;
				ORGANIZATIONNAME = "Catalin Stan";
				TargetAttributes = {
					AD9D831C1BEFA7DB002115DD = {
						CreatedOnToolsVersion = 7.1;
					};
				};
			};
			buildConfigurationList = AD9D83181BEFA7DB002115DD /* Build configuration list for PBXProject "HelloWorld-Cocoa" */;
			compatibilityVersion = "Xcode 3.2";
			developmentRegion = English;
			hasScannedForEncodings = 0;
			knownRegions = (
				en,
				Base,
			);
			mainGroup = AD9D83141BEFA7DB002115DD;
			productRefGroup = AD9D831E1BEFA7DB002115DD /* Products */;
			projectDirPath = "";
			projectReferences = (
				{
					ProductGroup = AD9D83321BEFA802002115DD /* Products */;
					ProjectRef = AD9D83311BEFA802002115DD /* Criollo.xcodeproj */;
				},
			);
			projectRoot = "";
			targets = (
				AD9D831C1BEFA7DB002115DD /* HelloWorld-Cocoa */,
			);
		};
/* End PBXProject section */

/* Begin PBXReferenceProxy section */
		AD9D83361BEFA802002115DD /* Criollo.framework */ = {
			isa = PBXReferenceProxy;
			fileType = wrapper.framework;
			path = Criollo.framework;
			remoteRef = AD9D83351BEFA802002115DD /* PBXContainerItemProxy */;
			sourceTree = BUILT_PRODUCTS_DIR;
		};
/* End PBXReferenceProxy section */

/* Begin PBXResourcesBuildPhase section */
		AD9D831B1BEFA7DB002115DD /* Resources */ = {
			isa = PBXResourcesBuildPhase;
			buildActionMask = 2147483647;
			files = (
				AD9D83271BEFA7DB002115DD /* Assets.xcassets in Resources */,
				AD9D832A1BEFA7DB002115DD /* MainMenu.xib in Resources */,
			);
			runOnlyForDeploymentPostprocessing = 0;
		};
/* End PBXResourcesBuildPhase section */

/* Begin PBXSourcesBuildPhase section */
		AD9D83191BEFA7DB002115DD /* Sources */ = {
			isa = PBXSourcesBuildPhase;
			buildActionMask = 2147483647;
			files = (
				AD9D83251BEFA7DB002115DD /* main.m in Sources */,
				AD9D83481BEFCD7B002115DD /* RequestInfo.m in Sources */,
				AD9D83221BEFA7DB002115DD /* AppDelegate.m in Sources */,
			);
			runOnlyForDeploymentPostprocessing = 0;
		};
/* End PBXSourcesBuildPhase section */

/* Begin PBXTargetDependency section */
		AD9D833B1BEFA82F002115DD /* PBXTargetDependency */ = {
			isa = PBXTargetDependency;
			name = Criollo;
			targetProxy = AD9D833A1BEFA82F002115DD /* PBXContainerItemProxy */;
		};
/* End PBXTargetDependency section */

/* Begin PBXVariantGroup section */
		AD9D83281BEFA7DB002115DD /* MainMenu.xib */ = {
			isa = PBXVariantGroup;
			children = (
				AD9D83291BEFA7DB002115DD /* Base */,
			);
			name = MainMenu.xib;
			sourceTree = "<group>";
		};
/* End PBXVariantGroup section */

/* Begin XCBuildConfiguration section */
		AD9D832C1BEFA7DB002115DD /* Debug */ = {
			isa = XCBuildConfiguration;
			buildSettings = {
				ALWAYS_SEARCH_USER_PATHS = NO;
				CLANG_CXX_LANGUAGE_STANDARD = "gnu++0x";
				CLANG_CXX_LIBRARY = "libc++";
				CLANG_ENABLE_MODULES = YES;
				CLANG_ENABLE_OBJC_ARC = YES;
				CLANG_WARN_BOOL_CONVERSION = YES;
				CLANG_WARN_CONSTANT_CONVERSION = YES;
				CLANG_WARN_DIRECT_OBJC_ISA_USAGE = YES_ERROR;
				CLANG_WARN_EMPTY_BODY = YES;
				CLANG_WARN_ENUM_CONVERSION = YES;
				CLANG_WARN_INT_CONVERSION = YES;
				CLANG_WARN_OBJC_ROOT_CLASS = YES_ERROR;
				CLANG_WARN_UNREACHABLE_CODE = YES;
				CLANG_WARN__DUPLICATE_METHOD_MATCH = YES;
				CODE_SIGN_IDENTITY = "-";
				COPY_PHASE_STRIP = NO;
				DEBUG_INFORMATION_FORMAT = dwarf;
				ENABLE_STRICT_OBJC_MSGSEND = YES;
				ENABLE_TESTABILITY = YES;
				GCC_C_LANGUAGE_STANDARD = gnu99;
				GCC_DYNAMIC_NO_PIC = NO;
				GCC_NO_COMMON_BLOCKS = YES;
				GCC_OPTIMIZATION_LEVEL = 0;
				GCC_PREPROCESSOR_DEFINITIONS = (
					"DEBUG=1",
					"$(inherited)",
				);
				GCC_WARN_64_TO_32_BIT_CONVERSION = YES;
				GCC_WARN_ABOUT_RETURN_TYPE = YES_ERROR;
				GCC_WARN_UNDECLARED_SELECTOR = YES;
				GCC_WARN_UNINITIALIZED_AUTOS = YES_AGGRESSIVE;
				GCC_WARN_UNUSED_FUNCTION = YES;
				GCC_WARN_UNUSED_VARIABLE = YES;
				MACOSX_DEPLOYMENT_TARGET = 10.11;
				MTL_ENABLE_DEBUG_INFO = YES;
				ONLY_ACTIVE_ARCH = YES;
				SDKROOT = macosx;
			};
			name = Debug;
		};
		AD9D832D1BEFA7DB002115DD /* Release */ = {
			isa = XCBuildConfiguration;
			buildSettings = {
				ALWAYS_SEARCH_USER_PATHS = NO;
				CLANG_CXX_LANGUAGE_STANDARD = "gnu++0x";
				CLANG_CXX_LIBRARY = "libc++";
				CLANG_ENABLE_MODULES = YES;
				CLANG_ENABLE_OBJC_ARC = YES;
				CLANG_WARN_BOOL_CONVERSION = YES;
				CLANG_WARN_CONSTANT_CONVERSION = YES;
				CLANG_WARN_DIRECT_OBJC_ISA_USAGE = YES_ERROR;
				CLANG_WARN_EMPTY_BODY = YES;
				CLANG_WARN_ENUM_CONVERSION = YES;
				CLANG_WARN_INT_CONVERSION = YES;
				CLANG_WARN_OBJC_ROOT_CLASS = YES_ERROR;
				CLANG_WARN_UNREACHABLE_CODE = YES;
				CLANG_WARN__DUPLICATE_METHOD_MATCH = YES;
				CODE_SIGN_IDENTITY = "-";
				COPY_PHASE_STRIP = NO;
				DEBUG_INFORMATION_FORMAT = "dwarf-with-dsym";
				ENABLE_NS_ASSERTIONS = NO;
				ENABLE_STRICT_OBJC_MSGSEND = YES;
				GCC_C_LANGUAGE_STANDARD = gnu99;
				GCC_NO_COMMON_BLOCKS = YES;
				GCC_WARN_64_TO_32_BIT_CONVERSION = YES;
				GCC_WARN_ABOUT_RETURN_TYPE = YES_ERROR;
				GCC_WARN_UNDECLARED_SELECTOR = YES;
				GCC_WARN_UNINITIALIZED_AUTOS = YES_AGGRESSIVE;
				GCC_WARN_UNUSED_FUNCTION = YES;
				GCC_WARN_UNUSED_VARIABLE = YES;
				MACOSX_DEPLOYMENT_TARGET = 10.11;
				MTL_ENABLE_DEBUG_INFO = NO;
				SDKROOT = macosx;
			};
			name = Release;
		};
		AD9D832F1BEFA7DB002115DD /* Debug */ = {
			isa = XCBuildConfiguration;
			buildSettings = {
				ASSETCATALOG_COMPILER_APPICON_NAME = AppIcon;
				COMBINE_HIDPI_IMAGES = YES;
				INFOPLIST_FILE = "HelloWorld-Cocoa/Info.plist";
				LD_RUNPATH_SEARCH_PATHS = "$(inherited) @executable_path/../Frameworks";
				PRODUCT_BUNDLE_IDENTIFIER = "org.criolloframework.examples.HelloWorld-Cocoa";
				PRODUCT_NAME = "$(TARGET_NAME)";
			};
			name = Debug;
		};
		AD9D83301BEFA7DB002115DD /* Release */ = {
			isa = XCBuildConfiguration;
			buildSettings = {
				ASSETCATALOG_COMPILER_APPICON_NAME = AppIcon;
				COMBINE_HIDPI_IMAGES = YES;
				INFOPLIST_FILE = "HelloWorld-Cocoa/Info.plist";
				LD_RUNPATH_SEARCH_PATHS = "$(inherited) @executable_path/../Frameworks";
				PRODUCT_BUNDLE_IDENTIFIER = "org.criolloframework.examples.HelloWorld-Cocoa";
				PRODUCT_NAME = "$(TARGET_NAME)";
			};
			name = Release;
		};
/* End XCBuildConfiguration section */

/* Begin XCConfigurationList section */
		AD9D83181BEFA7DB002115DD /* Build configuration list for PBXProject "HelloWorld-Cocoa" */ = {
			isa = XCConfigurationList;
			buildConfigurations = (
				AD9D832C1BEFA7DB002115DD /* Debug */,
				AD9D832D1BEFA7DB002115DD /* Release */,
			);
			defaultConfigurationIsVisible = 0;
			defaultConfigurationName = Release;
		};
		AD9D832E1BEFA7DB002115DD /* Build configuration list for PBXNativeTarget "HelloWorld-Cocoa" */ = {
			isa = XCConfigurationList;
			buildConfigurations = (
				AD9D832F1BEFA7DB002115DD /* Debug */,
				AD9D83301BEFA7DB002115DD /* Release */,
			);
			defaultConfigurationIsVisible = 0;
			defaultConfigurationName = Release;
		};
/* End XCConfigurationList section */
	};
	rootObject = AD9D83151BEFA7DB002115DD /* Project object */;
}
