// !$*UTF8*$!
{
	archiveVersion = 1;
	classes = {
	};
	objectVersion = 48;
	objects = {

/* Begin PBXBuildFile section */
		4A18669A1F7CFFDE0058B0AA /* MainMenu.xib in Resources */ = {isa = PBXBuildFile; fileRef = 4A1866991F7CFFDE0058B0AA /* MainMenu.xib */; };
		4A37248E1F7CD5F90081A696 /* AppDelegate.m in Sources */ = {isa = PBXBuildFile; fileRef = 4A37248D1F7CD5F90081A696 /* AppDelegate.m */; };
		4A3724931F7CD5F90081A696 /* Assets.xcassets in Resources */ = {isa = PBXBuildFile; fileRef = 4A3724921F7CD5F90081A696 /* Assets.xcassets */; };
		4A3724991F7CD5F90081A696 /* main.m in Sources */ = {isa = PBXBuildFile; fileRef = 4A3724981F7CD5F90081A696 /* main.m */; };
		892685734944F591B5CA0D15 /* Pods_CriolloServerStats.framework in Frameworks */ = {isa = PBXBuildFile; fileRef = 56D83A89B90D0D8E96774A58 /* Pods_CriolloServerStats.framework */; };
/* End PBXBuildFile section */

/* Begin PBXFileReference section */
		4A1866991F7CFFDE0058B0AA /* MainMenu.xib */ = {isa = PBXFileReference; lastKnownFileType = file.xib; path = MainMenu.xib; sourceTree = "<group>"; };
		4A3724891F7CD5F90081A696 /* CriolloServerStats.app */ = {isa = PBXFileReference; explicitFileType = wrapper.application; includeInIndex = 0; path = CriolloServerStats.app; sourceTree = BUILT_PRODUCTS_DIR; };
		4A37248C1F7CD5F90081A696 /* AppDelegate.h */ = {isa = PBXFileReference; lastKnownFileType = sourcecode.c.h; path = AppDelegate.h; sourceTree = "<group>"; };
		4A37248D1F7CD5F90081A696 /* AppDelegate.m */ = {isa = PBXFileReference; lastKnownFileType = sourcecode.c.objc; path = AppDelegate.m; sourceTree = "<group>"; };
		4A3724921F7CD5F90081A696 /* Assets.xcassets */ = {isa = PBXFileReference; lastKnownFileType = folder.assetcatalog; path = Assets.xcassets; sourceTree = "<group>"; };
		4A3724971F7CD5F90081A696 /* Info.plist */ = {isa = PBXFileReference; lastKnownFileType = text.plist.xml; path = Info.plist; sourceTree = "<group>"; };
		4A3724981F7CD5F90081A696 /* main.m */ = {isa = PBXFileReference; lastKnownFileType = sourcecode.c.objc; path = main.m; sourceTree = "<group>"; };
		56D83A89B90D0D8E96774A58 /* Pods_CriolloServerStats.framework */ = {isa = PBXFileReference; explicitFileType = wrapper.framework; includeInIndex = 0; path = Pods_CriolloServerStats.framework; sourceTree = BUILT_PRODUCTS_DIR; };
		76C3EB1310BF0F72958314AD /* Pods-CriolloServerStats.release.xcconfig */ = {isa = PBXFileReference; includeInIndex = 1; lastKnownFileType = text.xcconfig; name = "Pods-CriolloServerStats.release.xcconfig"; path = "Pods/Target Support Files/Pods-CriolloServerStats/Pods-CriolloServerStats.release.xcconfig"; sourceTree = "<group>"; };
		B7A9A78E0AEAA7EB56D8CC7C /* Pods-CriolloServerStats.debug.xcconfig */ = {isa = PBXFileReference; includeInIndex = 1; lastKnownFileType = text.xcconfig; name = "Pods-CriolloServerStats.debug.xcconfig"; path = "Pods/Target Support Files/Pods-CriolloServerStats/Pods-CriolloServerStats.debug.xcconfig"; sourceTree = "<group>"; };
/* End PBXFileReference section */

/* Begin PBXFrameworksBuildPhase section */
		4A3724861F7CD5F90081A696 /* Frameworks */ = {
			isa = PBXFrameworksBuildPhase;
			buildActionMask = 2147483647;
			files = (
				892685734944F591B5CA0D15 /* Pods_CriolloServerStats.framework in Frameworks */,
			);
			runOnlyForDeploymentPostprocessing = 0;
		};
/* End PBXFrameworksBuildPhase section */

/* Begin PBXGroup section */
		4A3724801F7CD5F90081A696 = {
			isa = PBXGroup;
			children = (
				4A37248B1F7CD5F90081A696 /* CriolloServerStats */,
				4A37248A1F7CD5F90081A696 /* Products */,
				EB2178D78DAC960442292DB3 /* Pods */,
				63360CF1094ED2A6F0B19034 /* Frameworks */,
			);
			sourceTree = "<group>";
		};
		4A37248A1F7CD5F90081A696 /* Products */ = {
			isa = PBXGroup;
			children = (
				4A3724891F7CD5F90081A696 /* CriolloServerStats.app */,
			);
			name = Products;
			sourceTree = "<group>";
		};
		4A37248B1F7CD5F90081A696 /* CriolloServerStats */ = {
			isa = PBXGroup;
			children = (
				4A37248C1F7CD5F90081A696 /* AppDelegate.h */,
				4A37248D1F7CD5F90081A696 /* AppDelegate.m */,
				4A1866991F7CFFDE0058B0AA /* MainMenu.xib */,
				4A3724921F7CD5F90081A696 /* Assets.xcassets */,
				4A3724971F7CD5F90081A696 /* Info.plist */,
				4A3724981F7CD5F90081A696 /* main.m */,
			);
			path = CriolloServerStats;
			sourceTree = "<group>";
		};
		63360CF1094ED2A6F0B19034 /* Frameworks */ = {
			isa = PBXGroup;
			children = (
				56D83A89B90D0D8E96774A58 /* Pods_CriolloServerStats.framework */,
			);
			name = Frameworks;
			sourceTree = "<group>";
		};
		EB2178D78DAC960442292DB3 /* Pods */ = {
			isa = PBXGroup;
			children = (
				B7A9A78E0AEAA7EB56D8CC7C /* Pods-CriolloServerStats.debug.xcconfig */,
				76C3EB1310BF0F72958314AD /* Pods-CriolloServerStats.release.xcconfig */,
			);
			name = Pods;
			sourceTree = "<group>";
		};
/* End PBXGroup section */

/* Begin PBXNativeTarget section */
		4A3724881F7CD5F90081A696 /* CriolloServerStats */ = {
			isa = PBXNativeTarget;
			buildConfigurationList = 4A37249D1F7CD5F90081A696 /* Build configuration list for PBXNativeTarget "CriolloServerStats" */;
			buildPhases = (
				04BE38934AAA9470239F1831 /* [CP] Check Pods Manifest.lock */,
				4A3724851F7CD5F90081A696 /* Sources */,
				4A3724861F7CD5F90081A696 /* Frameworks */,
				4A3724871F7CD5F90081A696 /* Resources */,
				8542A310EDEB26E1DAB7186D /* [CP] Embed Pods Frameworks */,
			);
			buildRules = (
			);
			dependencies = (
			);
			name = CriolloServerStats;
			productName = CriolloServerStats;
			productReference = 4A3724891F7CD5F90081A696 /* CriolloServerStats.app */;
			productType = "com.apple.product-type.application";
		};
/* End PBXNativeTarget section */

/* Begin PBXProject section */
		4A3724811F7CD5F90081A696 /* Project object */ = {
			isa = PBXProject;
			attributes = {
				LastUpgradeCheck = 1140;
				ORGANIZATIONNAME = "Cătălin Stan";
				TargetAttributes = {
					4A3724881F7CD5F90081A696 = {
						CreatedOnToolsVersion = 9.0;
						ProvisioningStyle = Manual;
					};
				};
			};
			buildConfigurationList = 4A3724841F7CD5F90081A696 /* Build configuration list for PBXProject "CriolloServerStats" */;
			compatibilityVersion = "Xcode 8.0";
			developmentRegion = en;
			hasScannedForEncodings = 0;
			knownRegions = (
				en,
				Base,
			);
			mainGroup = 4A3724801F7CD5F90081A696;
			productRefGroup = 4A37248A1F7CD5F90081A696 /* Products */;
			projectDirPath = "";
			projectRoot = "";
			targets = (
				4A3724881F7CD5F90081A696 /* CriolloServerStats */,
			);
		};
/* End PBXProject section */

/* Begin PBXResourcesBuildPhase section */
		4A3724871F7CD5F90081A696 /* Resources */ = {
			isa = PBXResourcesBuildPhase;
			buildActionMask = 2147483647;
			files = (
				4A3724931F7CD5F90081A696 /* Assets.xcassets in Resources */,
				4A18669A1F7CFFDE0058B0AA /* MainMenu.xib in Resources */,
			);
			runOnlyForDeploymentPostprocessing = 0;
		};
/* End PBXResourcesBuildPhase section */

/* Begin PBXShellScriptBuildPhase section */
		04BE38934AAA9470239F1831 /* [CP] Check Pods Manifest.lock */ = {
			isa = PBXShellScriptBuildPhase;
			buildActionMask = 2147483647;
			files = (
			);
			inputPaths = (
				"${PODS_PODFILE_DIR_PATH}/Podfile.lock",
				"${PODS_ROOT}/Manifest.lock",
			);
			name = "[CP] Check Pods Manifest.lock";
			outputPaths = (
				"$(DERIVED_FILE_DIR)/Pods-CriolloServerStats-checkManifestLockResult.txt",
			);
			runOnlyForDeploymentPostprocessing = 0;
			shellPath = /bin/sh;
			shellScript = "diff \"${PODS_PODFILE_DIR_PATH}/Podfile.lock\" \"${PODS_ROOT}/Manifest.lock\" > /dev/null\nif [ $? != 0 ] ; then\n    # print error to STDERR\n    echo \"error: The sandbox is not in sync with the Podfile.lock. Run 'pod install' or update your CocoaPods installation.\" >&2\n    exit 1\nfi\n# This output is used by Xcode 'outputs' to avoid re-running this script phase.\necho \"SUCCESS\" > \"${SCRIPT_OUTPUT_FILE_0}\"\n";
			showEnvVarsInLog = 0;
		};
		8542A310EDEB26E1DAB7186D /* [CP] Embed Pods Frameworks */ = {
			isa = PBXShellScriptBuildPhase;
			buildActionMask = 2147483647;
			files = (
			);
			inputPaths = (
				"${PODS_ROOT}/Target Support Files/Pods-CriolloServerStats/Pods-CriolloServerStats-frameworks.sh",
				"${BUILT_PRODUCTS_DIR}/CSSystemInfoHelper/CSSystemInfoHelper.framework",
				"${BUILT_PRODUCTS_DIR}/CocoaAsyncSocket/CocoaAsyncSocket.framework",
				"${BUILT_PRODUCTS_DIR}/Criollo/Criollo.framework",
			);
			name = "[CP] Embed Pods Frameworks";
			outputPaths = (
				"${TARGET_BUILD_DIR}/${FRAMEWORKS_FOLDER_PATH}/CSSystemInfoHelper.framework",
				"${TARGET_BUILD_DIR}/${FRAMEWORKS_FOLDER_PATH}/CocoaAsyncSocket.framework",
				"${TARGET_BUILD_DIR}/${FRAMEWORKS_FOLDER_PATH}/Criollo.framework",
			);
			runOnlyForDeploymentPostprocessing = 0;
			shellPath = /bin/sh;
			shellScript = "\"${PODS_ROOT}/Target Support Files/Pods-CriolloServerStats/Pods-CriolloServerStats-frameworks.sh\"\n";
			showEnvVarsInLog = 0;
		};
/* End PBXShellScriptBuildPhase section */

/* Begin PBXSourcesBuildPhase section */
		4A3724851F7CD5F90081A696 /* Sources */ = {
			isa = PBXSourcesBuildPhase;
			buildActionMask = 2147483647;
			files = (
				4A3724991F7CD5F90081A696 /* main.m in Sources */,
				4A37248E1F7CD5F90081A696 /* AppDelegate.m in Sources */,
			);
			runOnlyForDeploymentPostprocessing = 0;
		};
/* End PBXSourcesBuildPhase section */

/* Begin XCBuildConfiguration section */
		4A37249B1F7CD5F90081A696 /* Debug */ = {
			isa = XCBuildConfiguration;
			buildSettings = {
				ALWAYS_SEARCH_USER_PATHS = NO;
				CLANG_ANALYZER_NONNULL = YES;
				CLANG_ANALYZER_NUMBER_OBJECT_CONVERSION = YES_AGGRESSIVE;
				CLANG_CXX_LANGUAGE_STANDARD = "gnu++14";
				CLANG_CXX_LIBRARY = "libc++";
				CLANG_ENABLE_MODULES = YES;
				CLANG_ENABLE_OBJC_ARC = YES;
				CLANG_WARN_BLOCK_CAPTURE_AUTORELEASING = YES;
				CLANG_WARN_BOOL_CONVERSION = YES;
				CLANG_WARN_COMMA = YES;
				CLANG_WARN_CONSTANT_CONVERSION = YES;
				CLANG_WARN_DEPRECATED_OBJC_IMPLEMENTATIONS = YES;
				CLANG_WARN_DIRECT_OBJC_ISA_USAGE = YES_ERROR;
				CLANG_WARN_DOCUMENTATION_COMMENTS = YES;
				CLANG_WARN_EMPTY_BODY = YES;
				CLANG_WARN_ENUM_CONVERSION = YES;
				CLANG_WARN_INFINITE_RECURSION = YES;
				CLANG_WARN_INT_CONVERSION = YES;
				CLANG_WARN_NON_LITERAL_NULL_CONVERSION = YES;
				CLANG_WARN_OBJC_IMPLICIT_RETAIN_SELF = YES;
				CLANG_WARN_OBJC_LITERAL_CONVERSION = YES;
				CLANG_WARN_OBJC_ROOT_CLASS = YES_ERROR;
				CLANG_WARN_RANGE_LOOP_ANALYSIS = YES;
				CLANG_WARN_STRICT_PROTOTYPES = YES;
				CLANG_WARN_SUSPICIOUS_MOVE = YES;
				CLANG_WARN_UNGUARDED_AVAILABILITY = YES_AGGRESSIVE;
				CLANG_WARN_UNREACHABLE_CODE = YES;
				CLANG_WARN__DUPLICATE_METHOD_MATCH = YES;
				CODE_SIGN_IDENTITY = "";
				COPY_PHASE_STRIP = NO;
				DEBUG_INFORMATION_FORMAT = dwarf;
				ENABLE_STRICT_OBJC_MSGSEND = YES;
				ENABLE_TESTABILITY = YES;
				GCC_C_LANGUAGE_STANDARD = gnu11;
				GCC_DYNAMIC_NO_PIC = NO;
				GCC_NO_COMMON_BLOCKS = YES;
				GCC_OPTIMIZATION_LEVEL = 0;
				GCC_PREPROCESSOR_DEFINITIONS = (
					"DEBUG=1",
					"$(inherited)",
				);
				GCC_WARN_64_TO_32_BIT_CONVERSION = YES;
				GCC_WARN_ABOUT_RETURN_TYPE = YES_ERROR;
				GCC_WARN_UNDECLARED_SELECTOR = YES;
				GCC_WARN_UNINITIALIZED_AUTOS = YES_AGGRESSIVE;
				GCC_WARN_UNUSED_FUNCTION = YES;
				GCC_WARN_UNUSED_VARIABLE = YES;
				MACOSX_DEPLOYMENT_TARGET = 10.10;
				MTL_ENABLE_DEBUG_INFO = YES;
				ONLY_ACTIVE_ARCH = YES;
				SDKROOT = macosx;
				WARNING_CFLAGS = "-Wpartial-availability";
			};
			name = Debug;
		};
		4A37249C1F7CD5F90081A696 /* Release */ = {
			isa = XCBuildConfiguration;
			buildSettings = {
				ALWAYS_SEARCH_USER_PATHS = NO;
				CLANG_ANALYZER_NONNULL = YES;
				CLANG_ANALYZER_NUMBER_OBJECT_CONVERSION = YES_AGGRESSIVE;
				CLANG_CXX_LANGUAGE_STANDARD = "gnu++14";
				CLANG_CXX_LIBRARY = "libc++";
				CLANG_ENABLE_MODULES = YES;
				CLANG_ENABLE_OBJC_ARC = YES;
				CLANG_WARN_BLOCK_CAPTURE_AUTORELEASING = YES;
				CLANG_WARN_BOOL_CONVERSION = YES;
				CLANG_WARN_COMMA = YES;
				CLANG_WARN_CONSTANT_CONVERSION = YES;
				CLANG_WARN_DEPRECATED_OBJC_IMPLEMENTATIONS = YES;
				CLANG_WARN_DIRECT_OBJC_ISA_USAGE = YES_ERROR;
				CLANG_WARN_DOCUMENTATION_COMMENTS = YES;
				CLANG_WARN_EMPTY_BODY = YES;
				CLANG_WARN_ENUM_CONVERSION = YES;
				CLANG_WARN_INFINITE_RECURSION = YES;
				CLANG_WARN_INT_CONVERSION = YES;
				CLANG_WARN_NON_LITERAL_NULL_CONVERSION = YES;
				CLANG_WARN_OBJC_IMPLICIT_RETAIN_SELF = YES;
				CLANG_WARN_OBJC_LITERAL_CONVERSION = YES;
				CLANG_WARN_OBJC_ROOT_CLASS = YES_ERROR;
				CLANG_WARN_RANGE_LOOP_ANALYSIS = YES;
				CLANG_WARN_STRICT_PROTOTYPES = YES;
				CLANG_WARN_SUSPICIOUS_MOVE = YES;
				CLANG_WARN_UNGUARDED_AVAILABILITY = YES_AGGRESSIVE;
				CLANG_WARN_UNREACHABLE_CODE = YES;
				CLANG_WARN__DUPLICATE_METHOD_MATCH = YES;
				CODE_SIGN_IDENTITY = "";
				COPY_PHASE_STRIP = NO;
				DEBUG_INFORMATION_FORMAT = "dwarf-with-dsym";
				ENABLE_NS_ASSERTIONS = NO;
				ENABLE_STRICT_OBJC_MSGSEND = YES;
				GCC_C_LANGUAGE_STANDARD = gnu11;
				GCC_NO_COMMON_BLOCKS = YES;
				GCC_WARN_64_TO_32_BIT_CONVERSION = YES;
				GCC_WARN_ABOUT_RETURN_TYPE = YES_ERROR;
				GCC_WARN_UNDECLARED_SELECTOR = YES;
				GCC_WARN_UNINITIALIZED_AUTOS = YES_AGGRESSIVE;
				GCC_WARN_UNUSED_FUNCTION = YES;
				GCC_WARN_UNUSED_VARIABLE = YES;
				MACOSX_DEPLOYMENT_TARGET = 10.10;
				MTL_ENABLE_DEBUG_INFO = NO;
				SDKROOT = macosx;
				WARNING_CFLAGS = "-Wpartial-availability";
			};
			name = Release;
		};
		4A37249E1F7CD5F90081A696 /* Debug */ = {
			isa = XCBuildConfiguration;
			baseConfigurationReference = B7A9A78E0AEAA7EB56D8CC7C /* Pods-CriolloServerStats.debug.xcconfig */;
			buildSettings = {
				ASSETCATALOG_COMPILER_APPICON_NAME = AppIcon;
				CODE_SIGN_IDENTITY = "";
				CODE_SIGN_STYLE = Manual;
				COMBINE_HIDPI_IMAGES = YES;
				INFOPLIST_FILE = CriolloServerStats/Info.plist;
				LD_RUNPATH_SEARCH_PATHS = "$(inherited) @executable_path/../Frameworks";
				PRODUCT_BUNDLE_IDENTIFIER = io.criollo.CriolloServerStats;
				PRODUCT_NAME = "$(TARGET_NAME)";
			};
			name = Debug;
		};
		4A37249F1F7CD5F90081A696 /* Release */ = {
			isa = XCBuildConfiguration;
			baseConfigurationReference = 76C3EB1310BF0F72958314AD /* Pods-CriolloServerStats.release.xcconfig */;
			buildSettings = {
				ASSETCATALOG_COMPILER_APPICON_NAME = AppIcon;
				CODE_SIGN_IDENTITY = "";
				CODE_SIGN_STYLE = Manual;
				COMBINE_HIDPI_IMAGES = YES;
				INFOPLIST_FILE = CriolloServerStats/Info.plist;
				LD_RUNPATH_SEARCH_PATHS = "$(inherited) @executable_path/../Frameworks";
				PRODUCT_BUNDLE_IDENTIFIER = io.criollo.CriolloServerStats;
				PRODUCT_NAME = "$(TARGET_NAME)";
			};
			name = Release;
		};
/* End XCBuildConfiguration section */

/* Begin XCConfigurationList section */
		4A3724841F7CD5F90081A696 /* Build configuration list for PBXProject "CriolloServerStats" */ = {
			isa = XCConfigurationList;
			buildConfigurations = (
				4A37249B1F7CD5F90081A696 /* Debug */,
				4A37249C1F7CD5F90081A696 /* Release */,
			);
			defaultConfigurationIsVisible = 0;
			defaultConfigurationName = Release;
		};
		4A37249D1F7CD5F90081A696 /* Build configuration list for PBXNativeTarget "CriolloServerStats" */ = {
			isa = XCConfigurationList;
			buildConfigurations = (
				4A37249E1F7CD5F90081A696 /* Debug */,
				4A37249F1F7CD5F90081A696 /* Release */,
			);
			defaultConfigurationIsVisible = 0;
			defaultConfigurationName = Release;
		};
/* End XCConfigurationList section */
	};
	rootObject = 4A3724811F7CD5F90081A696 /* Project object */;
}
